// !$*UTF8*$!
{
	archiveVersion = 1;
	classes = {
	};
	objectVersion = 48;
	objects = {

/* Begin PBXBuildFile section */
		01085B482EB748886ED8F2E3 /* Pods_OrangeIRC_Core__macOS_.framework in Frameworks */ = {isa = PBXBuildFile; fileRef = 6AF08CE85F65F579CADA6954 /* Pods_OrangeIRC_Core__macOS_.framework */; };
		56F1E1D51F221B7F00DCB61C /* Notifications.swift in Sources */ = {isa = PBXBuildFile; fileRef = 56F1E1D41F221B7F00DCB61C /* Notifications.swift */; };
		6604F5CE1F06D0DF00FF1E3F /* ModerationLogEvent.swift in Sources */ = {isa = PBXBuildFile; fileRef = 6604F5CD1F06D0DF00FF1E3F /* ModerationLogEvent.swift */; };
		6604F5CF1F06D0DF00FF1E3F /* ModerationLogEvent.swift in Sources */ = {isa = PBXBuildFile; fileRef = 6604F5CD1F06D0DF00FF1E3F /* ModerationLogEvent.swift */; };
		6604F5D01F06D0DF00FF1E3F /* ModerationLogEvent.swift in Sources */ = {isa = PBXBuildFile; fileRef = 6604F5CD1F06D0DF00FF1E3F /* ModerationLogEvent.swift */; };
		6604F5D21F06D18900FF1E3F /* KickLogEvent.swift in Sources */ = {isa = PBXBuildFile; fileRef = 6604F5D11F06D18900FF1E3F /* KickLogEvent.swift */; };
		6604F5D31F06D18900FF1E3F /* KickLogEvent.swift in Sources */ = {isa = PBXBuildFile; fileRef = 6604F5D11F06D18900FF1E3F /* KickLogEvent.swift */; };
		6604F5D41F06D18900FF1E3F /* KickLogEvent.swift in Sources */ = {isa = PBXBuildFile; fileRef = 6604F5D11F06D18900FF1E3F /* KickLogEvent.swift */; };
		66260FA31F083E390028FD71 /* ConsoleDelegate.swift in Sources */ = {isa = PBXBuildFile; fileRef = 66260FA21F083E390028FD71 /* ConsoleDelegate.swift */; };
		66260FA41F083E390028FD71 /* ConsoleDelegate.swift in Sources */ = {isa = PBXBuildFile; fileRef = 66260FA21F083E390028FD71 /* ConsoleDelegate.swift */; };
		66260FA51F083E390028FD71 /* ConsoleDelegate.swift in Sources */ = {isa = PBXBuildFile; fileRef = 66260FA21F083E390028FD71 /* ConsoleDelegate.swift */; };
		667BB2EC1D29C2F60029AB2D /* Server+Room.swift in Sources */ = {isa = PBXBuildFile; fileRef = 667BB2EB1D29C2F60029AB2D /* Server+Room.swift */; };
		667BB2ED1D29C2F60029AB2D /* Server+Room.swift in Sources */ = {isa = PBXBuildFile; fileRef = 667BB2EB1D29C2F60029AB2D /* Server+Room.swift */; };
		669DF6FF1D7CDCD0007F82DB /* Server+Socket.swift in Sources */ = {isa = PBXBuildFile; fileRef = 669DF6FE1D7CDCD0007F82DB /* Server+Socket.swift */; };
		669DF7001D7CDCD0007F82DB /* Server+Socket.swift in Sources */ = {isa = PBXBuildFile; fileRef = 669DF6FE1D7CDCD0007F82DB /* Server+Socket.swift */; };
		669DF7061D7CFBEB007F82DB /* UserQuitLogEvent.swift in Sources */ = {isa = PBXBuildFile; fileRef = 669DF7051D7CFBEB007F82DB /* UserQuitLogEvent.swift */; };
		669DF7071D7CFBEB007F82DB /* UserQuitLogEvent.swift in Sources */ = {isa = PBXBuildFile; fileRef = 669DF7051D7CFBEB007F82DB /* UserQuitLogEvent.swift */; };
		669FCF1F1D2891B6000117C5 /* Message.swift in Sources */ = {isa = PBXBuildFile; fileRef = 669FCF1D1D2891B6000117C5 /* Message.swift */; };
		669FCF221D289A96000117C5 /* Server+MessageHandler.swift in Sources */ = {isa = PBXBuildFile; fileRef = 669FCF201D289A96000117C5 /* Server+MessageHandler.swift */; };
		66A75B341D23486F001161A3 /* LogEvent.swift in Sources */ = {isa = PBXBuildFile; fileRef = 66A75B2E1D23483C001161A3 /* LogEvent.swift */; };
		66A75B371D234885001161A3 /* Server.swift in Sources */ = {isa = PBXBuildFile; fileRef = 66A75B351D234885001161A3 /* Server.swift */; };
		66A75B401D23496C001161A3 /* ServerDelegate.swift in Sources */ = {isa = PBXBuildFile; fileRef = 66A75B3E1D23496C001161A3 /* ServerDelegate.swift */; };
		66C8580B1D7B1781009E486F /* UserLogEvent.swift in Sources */ = {isa = PBXBuildFile; fileRef = 66C8580A1D7B1781009E486F /* UserLogEvent.swift */; };
		66C8580C1D7B1781009E486F /* UserLogEvent.swift in Sources */ = {isa = PBXBuildFile; fileRef = 66C8580A1D7B1781009E486F /* UserLogEvent.swift */; };
		66C8580E1D7B17F1009E486F /* UserJoinLogEvent.swift in Sources */ = {isa = PBXBuildFile; fileRef = 66C8580D1D7B17F1009E486F /* UserJoinLogEvent.swift */; };
		66C8580F1D7B17F1009E486F /* UserJoinLogEvent.swift in Sources */ = {isa = PBXBuildFile; fileRef = 66C8580D1D7B17F1009E486F /* UserJoinLogEvent.swift */; };
		66C858111D7B17FA009E486F /* UserPartLogEvent.swift in Sources */ = {isa = PBXBuildFile; fileRef = 66C858101D7B17FA009E486F /* UserPartLogEvent.swift */; };
		66C858121D7B17FA009E486F /* UserPartLogEvent.swift in Sources */ = {isa = PBXBuildFile; fileRef = 66C858101D7B17FA009E486F /* UserPartLogEvent.swift */; };
		66EDD2EE1D2963E60013E7CC /* LogEvent.swift in Sources */ = {isa = PBXBuildFile; fileRef = 66A75B2E1D23483C001161A3 /* LogEvent.swift */; };
		66EDD2EF1D2963E60013E7CC /* Server.swift in Sources */ = {isa = PBXBuildFile; fileRef = 66A75B351D234885001161A3 /* Server.swift */; };
		66EDD2F01D2963E60013E7CC /* Server+MessageHandler.swift in Sources */ = {isa = PBXBuildFile; fileRef = 669FCF201D289A96000117C5 /* Server+MessageHandler.swift */; };
		66EDD2F11D2963E60013E7CC /* Message.swift in Sources */ = {isa = PBXBuildFile; fileRef = 669FCF1D1D2891B6000117C5 /* Message.swift */; };
		66EDD2F31D2963E60013E7CC /* Tag.swift in Sources */ = {isa = PBXBuildFile; fileRef = 6A4BB74D1D25F1500032B5D0 /* Tag.swift */; };
		66EDD2F41D2963E60013E7CC /* ServerDelegate.swift in Sources */ = {isa = PBXBuildFile; fileRef = 66A75B3E1D23496C001161A3 /* ServerDelegate.swift */; };
		66EDD2F51D2963E60013E7CC /* Command.swift in Sources */ = {isa = PBXBuildFile; fileRef = 6A82A07D1D24332A00F81A1B /* Command.swift */; };
		66EDD2F91D29669D0013E7CC /* CocoaAsyncSocket.framework in Frameworks */ = {isa = PBXBuildFile; fileRef = 66837D981D25E4A800F85410 /* CocoaAsyncSocket.framework */; };
		6A212F8F1E104D4E006739B4 /* MessageTests.swift in Sources */ = {isa = PBXBuildFile; fileRef = 6A212F8E1E104D4E006739B4 /* MessageTests.swift */; };
		6A212F931E1050DE006739B4 /* OrangeIRCCore.framework in Frameworks */ = {isa = PBXBuildFile; fileRef = 66EDD2E11D29621B0013E7CC /* OrangeIRCCore.framework */; };
		6A212F941E10510F006739B4 /* CocoaAsyncSocket.framework in Frameworks */ = {isa = PBXBuildFile; fileRef = 66837D981D25E4A800F85410 /* CocoaAsyncSocket.framework */; };
		6A2503601D59511900C18750 /* MessageLogEvent.swift in Sources */ = {isa = PBXBuildFile; fileRef = 6A25035F1D59511900C18750 /* MessageLogEvent.swift */; };
		6A2503611D59511900C18750 /* MessageLogEvent.swift in Sources */ = {isa = PBXBuildFile; fileRef = 6A25035F1D59511900C18750 /* MessageLogEvent.swift */; };
		6A2672841E1056310087B331 /* OrangeIRCCore.framework in Frameworks */ = {isa = PBXBuildFile; fileRef = 66EDD2E11D29621B0013E7CC /* OrangeIRCCore.framework */; };
		6A2672851E1056430087B331 /* MessageTests.swift in Sources */ = {isa = PBXBuildFile; fileRef = 6A212F8E1E104D4E006739B4 /* MessageTests.swift */; };
		6A2672861E1059390087B331 /* CocoaAsyncSocket.framework in Frameworks */ = {isa = PBXBuildFile; fileRef = 66837D9F1D25E51100F85410 /* CocoaAsyncSocket.framework */; };
		6A2672881E1059710087B331 /* CocoaAsyncSocket.framework in Frameworks */ = {isa = PBXBuildFile; fileRef = 66837D9F1D25E51100F85410 /* CocoaAsyncSocket.framework */; };
		6A2672971E105C230087B331 /* OrangeIRCCore.framework in Frameworks */ = {isa = PBXBuildFile; fileRef = 6A26728E1E105C230087B331 /* OrangeIRCCore.framework */; };
		6A2672A61E105CC50087B331 /* CocoaAsyncSocket.framework in Frameworks */ = {isa = PBXBuildFile; fileRef = 6A2672A51E105CC50087B331 /* CocoaAsyncSocket.framework */; };
		6A2672A81E105CEB0087B331 /* MessageTests.swift in Sources */ = {isa = PBXBuildFile; fileRef = 6A212F8E1E104D4E006739B4 /* MessageTests.swift */; };
		6A2672A91E105D180087B331 /* Server.swift in Sources */ = {isa = PBXBuildFile; fileRef = 66A75B351D234885001161A3 /* Server.swift */; };
		6A2672AA1E105D180087B331 /* ServerDelegate.swift in Sources */ = {isa = PBXBuildFile; fileRef = 66A75B3E1D23496C001161A3 /* ServerDelegate.swift */; };
		6A2672AB1E105D180087B331 /* Server+Room.swift in Sources */ = {isa = PBXBuildFile; fileRef = 667BB2EB1D29C2F60029AB2D /* Server+Room.swift */; };
		6A2672AD1E105D180087B331 /* Server+MessageHandler.swift in Sources */ = {isa = PBXBuildFile; fileRef = 669FCF201D289A96000117C5 /* Server+MessageHandler.swift */; };
		6A2672AE1E105D180087B331 /* Server+Socket.swift in Sources */ = {isa = PBXBuildFile; fileRef = 669DF6FE1D7CDCD0007F82DB /* Server+Socket.swift */; };
		6A2672AF1E105D180087B331 /* LogEvent.swift in Sources */ = {isa = PBXBuildFile; fileRef = 66A75B2E1D23483C001161A3 /* LogEvent.swift */; };
		6A2672B01E105D180087B331 /* MessageLogEvent.swift in Sources */ = {isa = PBXBuildFile; fileRef = 6A25035F1D59511900C18750 /* MessageLogEvent.swift */; };
		6A2672B11E105D180087B331 /* UserLogEvent.swift in Sources */ = {isa = PBXBuildFile; fileRef = 66C8580A1D7B1781009E486F /* UserLogEvent.swift */; };
		6A2672B21E105D180087B331 /* UserJoinLogEvent.swift in Sources */ = {isa = PBXBuildFile; fileRef = 66C8580D1D7B17F1009E486F /* UserJoinLogEvent.swift */; };
		6A2672B31E105D180087B331 /* UserPartLogEvent.swift in Sources */ = {isa = PBXBuildFile; fileRef = 66C858101D7B17FA009E486F /* UserPartLogEvent.swift */; };
		6A2672B41E105D180087B331 /* UserQuitLogEvent.swift in Sources */ = {isa = PBXBuildFile; fileRef = 669DF7051D7CFBEB007F82DB /* UserQuitLogEvent.swift */; };
		6A2672B51E105D180087B331 /* Room.swift in Sources */ = {isa = PBXBuildFile; fileRef = 6A7A6A041D29D0850012D037 /* Room.swift */; };
		6A2672B61E105D180087B331 /* RoomType.swift in Sources */ = {isa = PBXBuildFile; fileRef = 6A6CBFDD1D3DBDC500EC6051 /* RoomType.swift */; };
		6A2672B71E105D180087B331 /* User.swift in Sources */ = {isa = PBXBuildFile; fileRef = 6A7A6A011D29CDC60012D037 /* User.swift */; };
		6A2672B91E105D180087B331 /* Tag.swift in Sources */ = {isa = PBXBuildFile; fileRef = 6A4BB74D1D25F1500032B5D0 /* Tag.swift */; };
		6A2672BA1E105D180087B331 /* Command.swift in Sources */ = {isa = PBXBuildFile; fileRef = 6A82A07D1D24332A00F81A1B /* Command.swift */; };
		6A2672BB1E105D180087B331 /* UserCache.swift in Sources */ = {isa = PBXBuildFile; fileRef = 6A43E6ED1DD6CBC0009DB1FC /* UserCache.swift */; };
		6A2672BC1E105D7F0087B331 /* CocoaAsyncSocket.framework in Frameworks */ = {isa = PBXBuildFile; fileRef = 6A2672A51E105CC50087B331 /* CocoaAsyncSocket.framework */; };
		6A2672BD1E1084FB0087B331 /* Message.swift in Sources */ = {isa = PBXBuildFile; fileRef = 669FCF1D1D2891B6000117C5 /* Message.swift */; };
		6A43E6EE1DD6CBC0009DB1FC /* UserCache.swift in Sources */ = {isa = PBXBuildFile; fileRef = 6A43E6ED1DD6CBC0009DB1FC /* UserCache.swift */; };
		6A43E6EF1DD6CBC0009DB1FC /* UserCache.swift in Sources */ = {isa = PBXBuildFile; fileRef = 6A43E6ED1DD6CBC0009DB1FC /* UserCache.swift */; };
		6A4A5A751E75063E005E064D /* RoomLogEvent.swift in Sources */ = {isa = PBXBuildFile; fileRef = 6A4A5A741E75063E005E064D /* RoomLogEvent.swift */; };
		6A4A5A761E75063E005E064D /* RoomLogEvent.swift in Sources */ = {isa = PBXBuildFile; fileRef = 6A4A5A741E75063E005E064D /* RoomLogEvent.swift */; };
		6A4A5A771E75063E005E064D /* RoomLogEvent.swift in Sources */ = {isa = PBXBuildFile; fileRef = 6A4A5A741E75063E005E064D /* RoomLogEvent.swift */; };
		6A4BB74F1D25F1500032B5D0 /* Tag.swift in Sources */ = {isa = PBXBuildFile; fileRef = 6A4BB74D1D25F1500032B5D0 /* Tag.swift */; };
		6A597BF31EF375050073E4AE /* ConsoleEntry.swift in Sources */ = {isa = PBXBuildFile; fileRef = 6A597BF21EF375050073E4AE /* ConsoleEntry.swift */; };
		6A597BF41EF375050073E4AE /* ConsoleEntry.swift in Sources */ = {isa = PBXBuildFile; fileRef = 6A597BF21EF375050073E4AE /* ConsoleEntry.swift */; };
		6A597BF51EF375050073E4AE /* ConsoleEntry.swift in Sources */ = {isa = PBXBuildFile; fileRef = 6A597BF21EF375050073E4AE /* ConsoleEntry.swift */; };
		6A6CBFDE1D3DBDC500EC6051 /* RoomType.swift in Sources */ = {isa = PBXBuildFile; fileRef = 6A6CBFDD1D3DBDC500EC6051 /* RoomType.swift */; };
		6A6CBFDF1D3DBDC500EC6051 /* RoomType.swift in Sources */ = {isa = PBXBuildFile; fileRef = 6A6CBFDD1D3DBDC500EC6051 /* RoomType.swift */; };
		6A7325081E11A9F000AFCC0B /* UserOnlineLogEvent.swift in Sources */ = {isa = PBXBuildFile; fileRef = 6A7325071E11A9F000AFCC0B /* UserOnlineLogEvent.swift */; };
		6A7325091E11A9F000AFCC0B /* UserOnlineLogEvent.swift in Sources */ = {isa = PBXBuildFile; fileRef = 6A7325071E11A9F000AFCC0B /* UserOnlineLogEvent.swift */; };
		6A73250A1E11A9F000AFCC0B /* UserOnlineLogEvent.swift in Sources */ = {isa = PBXBuildFile; fileRef = 6A7325071E11A9F000AFCC0B /* UserOnlineLogEvent.swift */; };
		6A73250C1E11AA0700AFCC0B /* UserOfflineLogEvent.swift in Sources */ = {isa = PBXBuildFile; fileRef = 6A73250B1E11AA0700AFCC0B /* UserOfflineLogEvent.swift */; };
		6A73250D1E11AA0700AFCC0B /* UserOfflineLogEvent.swift in Sources */ = {isa = PBXBuildFile; fileRef = 6A73250B1E11AA0700AFCC0B /* UserOfflineLogEvent.swift */; };
		6A73250E1E11AA0700AFCC0B /* UserOfflineLogEvent.swift in Sources */ = {isa = PBXBuildFile; fileRef = 6A73250B1E11AA0700AFCC0B /* UserOfflineLogEvent.swift */; };
		6A7325101E11C06C00AFCC0B /* Server+NickServ.swift in Sources */ = {isa = PBXBuildFile; fileRef = 6A73250F1E11C06C00AFCC0B /* Server+NickServ.swift */; };
		6A7325111E11C06C00AFCC0B /* Server+NickServ.swift in Sources */ = {isa = PBXBuildFile; fileRef = 6A73250F1E11C06C00AFCC0B /* Server+NickServ.swift */; };
		6A7325121E11C06C00AFCC0B /* Server+NickServ.swift in Sources */ = {isa = PBXBuildFile; fileRef = 6A73250F1E11C06C00AFCC0B /* Server+NickServ.swift */; };
		6A7A6A021D29CDC60012D037 /* User.swift in Sources */ = {isa = PBXBuildFile; fileRef = 6A7A6A011D29CDC60012D037 /* User.swift */; };
		6A7A6A031D29CDC60012D037 /* User.swift in Sources */ = {isa = PBXBuildFile; fileRef = 6A7A6A011D29CDC60012D037 /* User.swift */; };
		6A7A6A051D29D0850012D037 /* Room.swift in Sources */ = {isa = PBXBuildFile; fileRef = 6A7A6A041D29D0850012D037 /* Room.swift */; };
		6A7A6A061D29D0850012D037 /* Room.swift in Sources */ = {isa = PBXBuildFile; fileRef = 6A7A6A041D29D0850012D037 /* Room.swift */; };
		6A7AE41A1E75C7C90032D6FE /* Localizations.strings in Resources */ = {isa = PBXBuildFile; fileRef = 6A7AE41E1E75C7C90032D6FE /* Localizations.strings */; };
		6A7AE41B1E75C7C90032D6FE /* Localizations.strings in Resources */ = {isa = PBXBuildFile; fileRef = 6A7AE41E1E75C7C90032D6FE /* Localizations.strings */; };
		6A7AE41C1E75C7C90032D6FE /* Localizations.strings in Resources */ = {isa = PBXBuildFile; fileRef = 6A7AE41E1E75C7C90032D6FE /* Localizations.strings */; };
		6A82A07F1D24332A00F81A1B /* Command.swift in Sources */ = {isa = PBXBuildFile; fileRef = 6A82A07D1D24332A00F81A1B /* Command.swift */; };
		6A8389071E33F3A8006ED94B /* ServerManager+ServerDelegate.swift in Sources */ = {isa = PBXBuildFile; fileRef = 6A8389061E33F3A8006ED94B /* ServerManager+ServerDelegate.swift */; };
		6A8389081E33F3A8006ED94B /* ServerManager+ServerDelegate.swift in Sources */ = {isa = PBXBuildFile; fileRef = 6A8389061E33F3A8006ED94B /* ServerManager+ServerDelegate.swift */; };
		6A8389091E33F3A8006ED94B /* ServerManager+ServerDelegate.swift in Sources */ = {isa = PBXBuildFile; fileRef = 6A8389061E33F3A8006ED94B /* ServerManager+ServerDelegate.swift */; };
		6A8389101E343896006ED94B /* Settings.swift in Sources */ = {isa = PBXBuildFile; fileRef = 6A83890F1E343896006ED94B /* Settings.swift */; };
		6A8389111E343896006ED94B /* Settings.swift in Sources */ = {isa = PBXBuildFile; fileRef = 6A83890F1E343896006ED94B /* Settings.swift */; };
		6A8389121E343896006ED94B /* Settings.swift in Sources */ = {isa = PBXBuildFile; fileRef = 6A83890F1E343896006ED94B /* Settings.swift */; };
		6A91CA591E623F85004D38E1 /* Utilities.swift in Sources */ = {isa = PBXBuildFile; fileRef = 6A91CA581E623F85004D38E1 /* Utilities.swift */; };
		6A91CA5A1E623F85004D38E1 /* Utilities.swift in Sources */ = {isa = PBXBuildFile; fileRef = 6A91CA581E623F85004D38E1 /* Utilities.swift */; };
		6A91CA5B1E623F85004D38E1 /* Utilities.swift in Sources */ = {isa = PBXBuildFile; fileRef = 6A91CA581E623F85004D38E1 /* Utilities.swift */; };
		6AAA09E91F00007D00ECF97A /* UserNickChangeLogEvent.swift in Sources */ = {isa = PBXBuildFile; fileRef = 6AAA09E81F00007D00ECF97A /* UserNickChangeLogEvent.swift */; };
		6AAA09EA1F00007D00ECF97A /* UserNickChangeLogEvent.swift in Sources */ = {isa = PBXBuildFile; fileRef = 6AAA09E81F00007D00ECF97A /* UserNickChangeLogEvent.swift */; };
		6AAA09EB1F00007D00ECF97A /* UserNickChangeLogEvent.swift in Sources */ = {isa = PBXBuildFile; fileRef = 6AAA09E81F00007D00ECF97A /* UserNickChangeLogEvent.swift */; };
		6AAA09ED1F0004F200ECF97A /* UserMode.swift in Sources */ = {isa = PBXBuildFile; fileRef = 6AAA09EC1F0004F200ECF97A /* UserMode.swift */; };
		6AAA09EE1F0004F200ECF97A /* UserMode.swift in Sources */ = {isa = PBXBuildFile; fileRef = 6AAA09EC1F0004F200ECF97A /* UserMode.swift */; };
		6AAA09EF1F0004F200ECF97A /* UserMode.swift in Sources */ = {isa = PBXBuildFile; fileRef = 6AAA09EC1F0004F200ECF97A /* UserMode.swift */; };
		6AE6F90B1E2B29BC007CC0AE /* ServerManager.swift in Sources */ = {isa = PBXBuildFile; fileRef = 6AE6F90A1E2B29BC007CC0AE /* ServerManager.swift */; };
		6AE6F90C1E2B29BC007CC0AE /* ServerManager.swift in Sources */ = {isa = PBXBuildFile; fileRef = 6AE6F90A1E2B29BC007CC0AE /* ServerManager.swift */; };
		6AE6F90D1E2B29BC007CC0AE /* ServerManager.swift in Sources */ = {isa = PBXBuildFile; fileRef = 6AE6F90A1E2B29BC007CC0AE /* ServerManager.swift */; };
		6AFDA8C01E6C69D3003A30C5 /* Channel.swift in Sources */ = {isa = PBXBuildFile; fileRef = 6AFDA8BF1E6C69D3003A30C5 /* Channel.swift */; };
		6AFDA8C11E6C69D3003A30C5 /* Channel.swift in Sources */ = {isa = PBXBuildFile; fileRef = 6AFDA8BF1E6C69D3003A30C5 /* Channel.swift */; };
		6AFDA8C21E6C69D3003A30C5 /* Channel.swift in Sources */ = {isa = PBXBuildFile; fileRef = 6AFDA8BF1E6C69D3003A30C5 /* Channel.swift */; };
		6AFDA8C41E6C69E2003A30C5 /* PrivateMessage.swift in Sources */ = {isa = PBXBuildFile; fileRef = 6AFDA8C31E6C69E2003A30C5 /* PrivateMessage.swift */; };
		6AFDA8C51E6C69E2003A30C5 /* PrivateMessage.swift in Sources */ = {isa = PBXBuildFile; fileRef = 6AFDA8C31E6C69E2003A30C5 /* PrivateMessage.swift */; };
		6AFDA8C61E6C69E2003A30C5 /* PrivateMessage.swift in Sources */ = {isa = PBXBuildFile; fileRef = 6AFDA8C31E6C69E2003A30C5 /* PrivateMessage.swift */; };
		8435503C6902A782619A387F /* Pods_OrangeIRC_Core__tvOS_.framework in Frameworks */ = {isa = PBXBuildFile; fileRef = 241873B7B5B25B8F24F3C3EC /* Pods_OrangeIRC_Core__tvOS_.framework */; };
		A7F5D4415975AAF7926FF684 /* Pods_OrangeIRC_Core__iOS_.framework in Frameworks */ = {isa = PBXBuildFile; fileRef = 92271B17A5D1676A76D4BC8B /* Pods_OrangeIRC_Core__iOS_.framework */; };
/* End PBXBuildFile section */

/* Begin PBXContainerItemProxy section */
		6A212F891E104C7C006739B4 /* PBXContainerItemProxy */ = {
			isa = PBXContainerItemProxy;
			containerPortal = 66A75AF11D234628001161A3 /* Project object */;
			proxyType = 1;
			remoteGlobalIDString = 66EDD2E01D29621B0013E7CC;
			remoteInfo = "OrangeIRC Core (iOS)";
		};
		6A26727E1E1055750087B331 /* PBXContainerItemProxy */ = {
			isa = PBXContainerItemProxy;
			containerPortal = 66A75AF11D234628001161A3 /* Project object */;
			proxyType = 1;
			remoteGlobalIDString = 66A75B241D234737001161A3;
			remoteInfo = "OrangeIRC Core (macOS)";
		};
		6A2672981E105C230087B331 /* PBXContainerItemProxy */ = {
			isa = PBXContainerItemProxy;
			containerPortal = 66A75AF11D234628001161A3 /* Project object */;
			proxyType = 1;
			remoteGlobalIDString = 6A26728D1E105C230087B331;
			remoteInfo = "OrangeIRC Core (tvOS)";
		};
/* End PBXContainerItemProxy section */

/* Begin PBXFileReference section */
		17DD1E3B7DA5B96317B02BB4 /* Pods-OrangeIRC Core (tvOS).release.xcconfig */ = {isa = PBXFileReference; includeInIndex = 1; lastKnownFileType = text.xcconfig; name = "Pods-OrangeIRC Core (tvOS).release.xcconfig"; path = "Pods/Target Support Files/Pods-OrangeIRC Core (tvOS)/Pods-OrangeIRC Core (tvOS).release.xcconfig"; sourceTree = "<group>"; };
		1D12880370793F21A512C956 /* Pods-OrangeIRC Core (macOS).debug.xcconfig */ = {isa = PBXFileReference; includeInIndex = 1; lastKnownFileType = text.xcconfig; name = "Pods-OrangeIRC Core (macOS).debug.xcconfig"; path = "Pods/Target Support Files/Pods-OrangeIRC Core (macOS)/Pods-OrangeIRC Core (macOS).debug.xcconfig"; sourceTree = "<group>"; };
		241873B7B5B25B8F24F3C3EC /* Pods_OrangeIRC_Core__tvOS_.framework */ = {isa = PBXFileReference; explicitFileType = wrapper.framework; includeInIndex = 0; path = Pods_OrangeIRC_Core__tvOS_.framework; sourceTree = BUILT_PRODUCTS_DIR; };
		4AACF7B34E8B48BD6D359E8E /* Pods-OrangeIRC Core (iOS).release.xcconfig */ = {isa = PBXFileReference; includeInIndex = 1; lastKnownFileType = text.xcconfig; name = "Pods-OrangeIRC Core (iOS).release.xcconfig"; path = "Pods/Target Support Files/Pods-OrangeIRC Core (iOS)/Pods-OrangeIRC Core (iOS).release.xcconfig"; sourceTree = "<group>"; };
		56F1E1D41F221B7F00DCB61C /* Notifications.swift */ = {isa = PBXFileReference; fileEncoding = 4; lastKnownFileType = sourcecode.swift; path = Notifications.swift; sourceTree = "<group>"; };
		6604F5CD1F06D0DF00FF1E3F /* ModerationLogEvent.swift */ = {isa = PBXFileReference; fileEncoding = 4; lastKnownFileType = sourcecode.swift; path = ModerationLogEvent.swift; sourceTree = "<group>"; };
		6604F5D11F06D18900FF1E3F /* KickLogEvent.swift */ = {isa = PBXFileReference; fileEncoding = 4; lastKnownFileType = sourcecode.swift; path = KickLogEvent.swift; sourceTree = "<group>"; };
		661AF5031D2C833700CFC190 /* Notifications.swift */ = {isa = PBXFileReference; fileEncoding = 4; lastKnownFileType = sourcecode.swift; path = Notifications.swift; sourceTree = "<group>"; };
		661D52B71F183BE9006F8E06 /* OrangeIRC.podspec */ = {isa = PBXFileReference; lastKnownFileType = text; path = OrangeIRC.podspec; sourceTree = "<group>"; };
		661D52B81F183BFB006F8E06 /* CONTRIBUTING.md */ = {isa = PBXFileReference; lastKnownFileType = net.daringfireball.markdown; path = CONTRIBUTING.md; sourceTree = "<group>"; };
		661D52B91F183C04006F8E06 /* CODE_OF_CONDUCT.md */ = {isa = PBXFileReference; lastKnownFileType = net.daringfireball.markdown; path = CODE_OF_CONDUCT.md; sourceTree = "<group>"; };
		66260FA21F083E390028FD71 /* ConsoleDelegate.swift */ = {isa = PBXFileReference; fileEncoding = 4; lastKnownFileType = sourcecode.swift; path = ConsoleDelegate.swift; sourceTree = "<group>"; };
		667BB2EB1D29C2F60029AB2D /* Server+Room.swift */ = {isa = PBXFileReference; fileEncoding = 4; lastKnownFileType = sourcecode.swift; path = "Server+Room.swift"; sourceTree = "<group>"; };
		66837D981D25E4A800F85410 /* CocoaAsyncSocket.framework */ = {isa = PBXFileReference; lastKnownFileType = wrapper.framework; name = CocoaAsyncSocket.framework; path = Carthage/Build/iOS/CocoaAsyncSocket.framework; sourceTree = "<group>"; };
		66837D9F1D25E51100F85410 /* CocoaAsyncSocket.framework */ = {isa = PBXFileReference; lastKnownFileType = wrapper.framework; name = CocoaAsyncSocket.framework; path = Carthage/Build/Mac/CocoaAsyncSocket.framework; sourceTree = "<group>"; };
		66837DA11D25E59900F85410 /* .gitignore */ = {isa = PBXFileReference; lastKnownFileType = text; path = .gitignore; sourceTree = "<group>"; };
		669DF6FE1D7CDCD0007F82DB /* Server+Socket.swift */ = {isa = PBXFileReference; fileEncoding = 4; lastKnownFileType = sourcecode.swift; path = "Server+Socket.swift"; sourceTree = "<group>"; };
		669DF7051D7CFBEB007F82DB /* UserQuitLogEvent.swift */ = {isa = PBXFileReference; fileEncoding = 4; lastKnownFileType = sourcecode.swift; path = UserQuitLogEvent.swift; sourceTree = "<group>"; };
		669FCF1D1D2891B6000117C5 /* Message.swift */ = {isa = PBXFileReference; fileEncoding = 4; lastKnownFileType = sourcecode.swift; path = Message.swift; sourceTree = "<group>"; };
		669FCF201D289A96000117C5 /* Server+MessageHandler.swift */ = {isa = PBXFileReference; fileEncoding = 4; lastKnownFileType = sourcecode.swift; lineEnding = 0; path = "Server+MessageHandler.swift"; sourceTree = "<group>"; xcLanguageSpecificationIdentifier = xcode.lang.swift; };
		66A75B171D2346ED001161A3 /* Info.plist */ = {isa = PBXFileReference; lastKnownFileType = text.plist.xml; path = Info.plist; sourceTree = "<group>"; };
		66A75B251D234737001161A3 /* OrangeIRCCore.framework */ = {isa = PBXFileReference; explicitFileType = wrapper.framework; includeInIndex = 0; path = OrangeIRCCore.framework; sourceTree = BUILT_PRODUCTS_DIR; };
		66A75B2E1D23483C001161A3 /* LogEvent.swift */ = {isa = PBXFileReference; fileEncoding = 4; lastKnownFileType = sourcecode.swift; path = LogEvent.swift; sourceTree = "<group>"; };
		66A75B351D234885001161A3 /* Server.swift */ = {isa = PBXFileReference; fileEncoding = 4; lastKnownFileType = sourcecode.swift; path = Server.swift; sourceTree = "<group>"; };
		66A75B3E1D23496C001161A3 /* ServerDelegate.swift */ = {isa = PBXFileReference; fileEncoding = 4; lastKnownFileType = sourcecode.swift; path = ServerDelegate.swift; sourceTree = "<group>"; };
		66C8580A1D7B1781009E486F /* UserLogEvent.swift */ = {isa = PBXFileReference; fileEncoding = 4; lastKnownFileType = sourcecode.swift; path = UserLogEvent.swift; sourceTree = "<group>"; };
		66C8580D1D7B17F1009E486F /* UserJoinLogEvent.swift */ = {isa = PBXFileReference; fileEncoding = 4; lastKnownFileType = sourcecode.swift; path = UserJoinLogEvent.swift; sourceTree = "<group>"; };
		66C858101D7B17FA009E486F /* UserPartLogEvent.swift */ = {isa = PBXFileReference; fileEncoding = 4; lastKnownFileType = sourcecode.swift; path = UserPartLogEvent.swift; sourceTree = "<group>"; };
		66EDD2E11D29621B0013E7CC /* OrangeIRCCore.framework */ = {isa = PBXFileReference; explicitFileType = wrapper.framework; includeInIndex = 0; path = OrangeIRCCore.framework; sourceTree = BUILT_PRODUCTS_DIR; };
		6A212F831E104C7B006739B4 /* OrangeIRCCoreTests.xctest */ = {isa = PBXFileReference; explicitFileType = wrapper.cfbundle; includeInIndex = 0; path = OrangeIRCCoreTests.xctest; sourceTree = BUILT_PRODUCTS_DIR; };
		6A212F871E104C7C006739B4 /* Info.plist */ = {isa = PBXFileReference; lastKnownFileType = text.plist.xml; path = Info.plist; sourceTree = "<group>"; };
		6A212F8E1E104D4E006739B4 /* MessageTests.swift */ = {isa = PBXFileReference; fileEncoding = 4; lastKnownFileType = sourcecode.swift; path = MessageTests.swift; sourceTree = "<group>"; };
		6A25035F1D59511900C18750 /* MessageLogEvent.swift */ = {isa = PBXFileReference; fileEncoding = 4; lastKnownFileType = sourcecode.swift; path = MessageLogEvent.swift; sourceTree = "<group>"; };
		6A2672781E1055750087B331 /* OrangeIRCCoreTests.xctest */ = {isa = PBXFileReference; explicitFileType = wrapper.cfbundle; includeInIndex = 0; path = OrangeIRCCoreTests.xctest; sourceTree = BUILT_PRODUCTS_DIR; };
		6A26728E1E105C230087B331 /* OrangeIRCCore.framework */ = {isa = PBXFileReference; explicitFileType = wrapper.framework; includeInIndex = 0; path = OrangeIRCCore.framework; sourceTree = BUILT_PRODUCTS_DIR; };
		6A2672961E105C230087B331 /* OrangeIRCCoreTests.xctest */ = {isa = PBXFileReference; explicitFileType = wrapper.cfbundle; includeInIndex = 0; path = OrangeIRCCoreTests.xctest; sourceTree = BUILT_PRODUCTS_DIR; };
		6A2672A51E105CC50087B331 /* CocoaAsyncSocket.framework */ = {isa = PBXFileReference; lastKnownFileType = wrapper.framework; name = CocoaAsyncSocket.framework; path = Carthage/Build/tvOS/CocoaAsyncSocket.framework; sourceTree = "<group>"; };
		6A43E6ED1DD6CBC0009DB1FC /* UserCache.swift */ = {isa = PBXFileReference; fileEncoding = 4; lastKnownFileType = sourcecode.swift; lineEnding = 0; path = UserCache.swift; sourceTree = "<group>"; xcLanguageSpecificationIdentifier = xcode.lang.swift; };
		6A4A5A741E75063E005E064D /* RoomLogEvent.swift */ = {isa = PBXFileReference; fileEncoding = 4; lastKnownFileType = sourcecode.swift; path = RoomLogEvent.swift; sourceTree = "<group>"; };
		6A4BB74D1D25F1500032B5D0 /* Tag.swift */ = {isa = PBXFileReference; fileEncoding = 4; lastKnownFileType = sourcecode.swift; path = Tag.swift; sourceTree = "<group>"; };
		6A558D351E16BF2F0077BBF4 /* TODO.md */ = {isa = PBXFileReference; lastKnownFileType = net.daringfireball.markdown; path = TODO.md; sourceTree = "<group>"; };
		6A558D361E16C01B0077BBF4 /* OrangeIRC.png */ = {isa = PBXFileReference; lastKnownFileType = image.png; path = OrangeIRC.png; sourceTree = "<group>"; };
		6A597BF21EF375050073E4AE /* ConsoleEntry.swift */ = {isa = PBXFileReference; fileEncoding = 4; lastKnownFileType = sourcecode.swift; path = ConsoleEntry.swift; sourceTree = "<group>"; };
		6A59B7B01E73C58500BE9123 /* Icons */ = {isa = PBXFileReference; lastKnownFileType = folder; path = Icons; sourceTree = "<group>"; };
		6A6CBFDD1D3DBDC500EC6051 /* RoomType.swift */ = {isa = PBXFileReference; fileEncoding = 4; lastKnownFileType = sourcecode.swift; path = RoomType.swift; sourceTree = "<group>"; };
		6A7325071E11A9F000AFCC0B /* UserOnlineLogEvent.swift */ = {isa = PBXFileReference; fileEncoding = 4; lastKnownFileType = sourcecode.swift; path = UserOnlineLogEvent.swift; sourceTree = "<group>"; };
		6A73250B1E11AA0700AFCC0B /* UserOfflineLogEvent.swift */ = {isa = PBXFileReference; fileEncoding = 4; lastKnownFileType = sourcecode.swift; path = UserOfflineLogEvent.swift; sourceTree = "<group>"; };
		6A73250F1E11C06C00AFCC0B /* Server+NickServ.swift */ = {isa = PBXFileReference; fileEncoding = 4; lastKnownFileType = sourcecode.swift; path = "Server+NickServ.swift"; sourceTree = "<group>"; };
		6A7325161E11F7EB00AFCC0B /* CONTRIBUTORS.md */ = {isa = PBXFileReference; lastKnownFileType = net.daringfireball.markdown; path = CONTRIBUTORS.md; sourceTree = "<group>"; };
		6A7A6A011D29CDC60012D037 /* User.swift */ = {isa = PBXFileReference; fileEncoding = 4; lastKnownFileType = sourcecode.swift; path = User.swift; sourceTree = "<group>"; };
		6A7A6A041D29D0850012D037 /* Room.swift */ = {isa = PBXFileReference; fileEncoding = 4; lastKnownFileType = sourcecode.swift; path = Room.swift; sourceTree = "<group>"; };
		6A7AE41D1E75C7C90032D6FE /* en */ = {isa = PBXFileReference; lastKnownFileType = text.plist.strings; name = en; path = en.lproj/Localizations.strings; sourceTree = "<group>"; };
		6A7AE41F1E75C7CE0032D6FE /* es */ = {isa = PBXFileReference; lastKnownFileType = text.plist.strings; name = es; path = es.lproj/Localizations.strings; sourceTree = "<group>"; };
		6A82A07D1D24332A00F81A1B /* Command.swift */ = {isa = PBXFileReference; fileEncoding = 4; lastKnownFileType = sourcecode.swift; path = Command.swift; sourceTree = "<group>"; };
		6A8389061E33F3A8006ED94B /* ServerManager+ServerDelegate.swift */ = {isa = PBXFileReference; fileEncoding = 4; lastKnownFileType = sourcecode.swift; lineEnding = 0; path = "ServerManager+ServerDelegate.swift"; sourceTree = "<group>"; xcLanguageSpecificationIdentifier = xcode.lang.swift; };
		6A83890F1E343896006ED94B /* Settings.swift */ = {isa = PBXFileReference; fileEncoding = 4; lastKnownFileType = sourcecode.swift; path = Settings.swift; sourceTree = "<group>"; };
		6A91CA581E623F85004D38E1 /* Utilities.swift */ = {isa = PBXFileReference; fileEncoding = 4; lastKnownFileType = sourcecode.swift; path = Utilities.swift; sourceTree = "<group>"; };
		6AAA09E81F00007D00ECF97A /* UserNickChangeLogEvent.swift */ = {isa = PBXFileReference; fileEncoding = 4; lastKnownFileType = sourcecode.swift; path = UserNickChangeLogEvent.swift; sourceTree = "<group>"; };
		6AAA09EC1F0004F200ECF97A /* UserMode.swift */ = {isa = PBXFileReference; fileEncoding = 4; lastKnownFileType = sourcecode.swift; path = UserMode.swift; sourceTree = "<group>"; };
		6ABAD4481DD70A4400D1B689 /* docs */ = {isa = PBXFileReference; lastKnownFileType = folder; path = docs; sourceTree = "<group>"; };
		6ABAD4491DD70C2500D1B689 /* README.md */ = {isa = PBXFileReference; lastKnownFileType = net.daringfireball.markdown; path = README.md; sourceTree = "<group>"; };
		6ABAD44A1DD70C8100D1B689 /* LICENSE */ = {isa = PBXFileReference; lastKnownFileType = text; path = LICENSE; sourceTree = "<group>"; };
		6AE6F90A1E2B29BC007CC0AE /* ServerManager.swift */ = {isa = PBXFileReference; fileEncoding = 4; lastKnownFileType = sourcecode.swift; path = ServerManager.swift; sourceTree = "<group>"; };
		6AF08CE85F65F579CADA6954 /* Pods_OrangeIRC_Core__macOS_.framework */ = {isa = PBXFileReference; explicitFileType = wrapper.framework; includeInIndex = 0; path = Pods_OrangeIRC_Core__macOS_.framework; sourceTree = BUILT_PRODUCTS_DIR; };
		6AFDA8BF1E6C69D3003A30C5 /* Channel.swift */ = {isa = PBXFileReference; fileEncoding = 4; lastKnownFileType = sourcecode.swift; lineEnding = 0; path = Channel.swift; sourceTree = "<group>"; xcLanguageSpecificationIdentifier = xcode.lang.swift; };
		6AFDA8C31E6C69E2003A30C5 /* PrivateMessage.swift */ = {isa = PBXFileReference; fileEncoding = 4; lastKnownFileType = sourcecode.swift; lineEnding = 0; path = PrivateMessage.swift; sourceTree = "<group>"; xcLanguageSpecificationIdentifier = xcode.lang.swift; };
		8281EA731418E1213876DF04 /* Pods-OrangeIRC Core (macOS).release.xcconfig */ = {isa = PBXFileReference; includeInIndex = 1; lastKnownFileType = text.xcconfig; name = "Pods-OrangeIRC Core (macOS).release.xcconfig"; path = "Pods/Target Support Files/Pods-OrangeIRC Core (macOS)/Pods-OrangeIRC Core (macOS).release.xcconfig"; sourceTree = "<group>"; };
		92271B17A5D1676A76D4BC8B /* Pods_OrangeIRC_Core__iOS_.framework */ = {isa = PBXFileReference; explicitFileType = wrapper.framework; includeInIndex = 0; path = Pods_OrangeIRC_Core__iOS_.framework; sourceTree = BUILT_PRODUCTS_DIR; };
		9B5C820291064C3CCE0CE1FD /* Pods-OrangeIRC (iOS).debug.xcconfig */ = {isa = PBXFileReference; includeInIndex = 1; lastKnownFileType = text.xcconfig; name = "Pods-OrangeIRC (iOS).debug.xcconfig"; path = "Pods/Target Support Files/Pods-OrangeIRC (iOS)/Pods-OrangeIRC (iOS).debug.xcconfig"; sourceTree = "<group>"; };
		9CB853A060E558DC5B084D90 /* Pods-OrangeIRC (iOS).release.xcconfig */ = {isa = PBXFileReference; includeInIndex = 1; lastKnownFileType = text.xcconfig; name = "Pods-OrangeIRC (iOS).release.xcconfig"; path = "Pods/Target Support Files/Pods-OrangeIRC (iOS)/Pods-OrangeIRC (iOS).release.xcconfig"; sourceTree = "<group>"; };
		DDDF67E25A4726C01ABD778A /* Pods-OrangeIRC Core (tvOS).debug.xcconfig */ = {isa = PBXFileReference; includeInIndex = 1; lastKnownFileType = text.xcconfig; name = "Pods-OrangeIRC Core (tvOS).debug.xcconfig"; path = "Pods/Target Support Files/Pods-OrangeIRC Core (tvOS)/Pods-OrangeIRC Core (tvOS).debug.xcconfig"; sourceTree = "<group>"; };
		E106F0766B8F2BB53D4DAF02 /* Pods-OrangeIRC Core (iOS).debug.xcconfig */ = {isa = PBXFileReference; includeInIndex = 1; lastKnownFileType = text.xcconfig; name = "Pods-OrangeIRC Core (iOS).debug.xcconfig"; path = "Pods/Target Support Files/Pods-OrangeIRC Core (iOS)/Pods-OrangeIRC Core (iOS).debug.xcconfig"; sourceTree = "<group>"; };
		EAA0B3889EEB0F84BA539375 /* Pods_OrangeIRC__iOS_.framework */ = {isa = PBXFileReference; explicitFileType = wrapper.framework; includeInIndex = 0; path = Pods_OrangeIRC__iOS_.framework; sourceTree = BUILT_PRODUCTS_DIR; };
/* End PBXFileReference section */

/* Begin PBXFrameworksBuildPhase section */
		66A75B211D234737001161A3 /* Frameworks */ = {
			isa = PBXFrameworksBuildPhase;
			buildActionMask = 2147483647;
			files = (
				6A2672861E1059390087B331 /* CocoaAsyncSocket.framework in Frameworks */,
				01085B482EB748886ED8F2E3 /* Pods_OrangeIRC_Core__macOS_.framework in Frameworks */,
			);
			runOnlyForDeploymentPostprocessing = 0;
		};
		66EDD2DD1D29621B0013E7CC /* Frameworks */ = {
			isa = PBXFrameworksBuildPhase;
			buildActionMask = 2147483647;
			files = (
				66EDD2F91D29669D0013E7CC /* CocoaAsyncSocket.framework in Frameworks */,
				A7F5D4415975AAF7926FF684 /* Pods_OrangeIRC_Core__iOS_.framework in Frameworks */,
			);
			runOnlyForDeploymentPostprocessing = 0;
		};
		6A212F801E104C7B006739B4 /* Frameworks */ = {
			isa = PBXFrameworksBuildPhase;
			buildActionMask = 2147483647;
			files = (
				6A212F931E1050DE006739B4 /* OrangeIRCCore.framework in Frameworks */,
				6A212F941E10510F006739B4 /* CocoaAsyncSocket.framework in Frameworks */,
			);
			runOnlyForDeploymentPostprocessing = 0;
		};
		6A2672751E1055750087B331 /* Frameworks */ = {
			isa = PBXFrameworksBuildPhase;
			buildActionMask = 2147483647;
			files = (
				6A2672881E1059710087B331 /* CocoaAsyncSocket.framework in Frameworks */,
				6A2672841E1056310087B331 /* OrangeIRCCore.framework in Frameworks */,
			);
			runOnlyForDeploymentPostprocessing = 0;
		};
		6A26728A1E105C230087B331 /* Frameworks */ = {
			isa = PBXFrameworksBuildPhase;
			buildActionMask = 2147483647;
			files = (
				6A2672BC1E105D7F0087B331 /* CocoaAsyncSocket.framework in Frameworks */,
				8435503C6902A782619A387F /* Pods_OrangeIRC_Core__tvOS_.framework in Frameworks */,
			);
			runOnlyForDeploymentPostprocessing = 0;
		};
		6A2672931E105C230087B331 /* Frameworks */ = {
			isa = PBXFrameworksBuildPhase;
			buildActionMask = 2147483647;
			files = (
				6A2672971E105C230087B331 /* OrangeIRCCore.framework in Frameworks */,
				6A2672A61E105CC50087B331 /* CocoaAsyncSocket.framework in Frameworks */,
			);
			runOnlyForDeploymentPostprocessing = 0;
		};
/* End PBXFrameworksBuildPhase section */

/* Begin PBXGroup section */
		27B1CBE6BABF785B0A0CBD31 /* Pods */ = {
			isa = PBXGroup;
			children = (
				9B5C820291064C3CCE0CE1FD /* Pods-OrangeIRC (iOS).debug.xcconfig */,
				9CB853A060E558DC5B084D90 /* Pods-OrangeIRC (iOS).release.xcconfig */,
				E106F0766B8F2BB53D4DAF02 /* Pods-OrangeIRC Core (iOS).debug.xcconfig */,
				4AACF7B34E8B48BD6D359E8E /* Pods-OrangeIRC Core (iOS).release.xcconfig */,
				1D12880370793F21A512C956 /* Pods-OrangeIRC Core (macOS).debug.xcconfig */,
				8281EA731418E1213876DF04 /* Pods-OrangeIRC Core (macOS).release.xcconfig */,
				DDDF67E25A4726C01ABD778A /* Pods-OrangeIRC Core (tvOS).debug.xcconfig */,
				17DD1E3B7DA5B96317B02BB4 /* Pods-OrangeIRC Core (tvOS).release.xcconfig */,
			);
			name = Pods;
			sourceTree = "<group>";
		};
		66837D9B1D25E4B800F85410 /* Frameworks */ = {
			isa = PBXGroup;
			children = (
				66837D9D1D25E4F600F85410 /* iOS */,
				66837D9E1D25E4FC00F85410 /* macOS */,
				6A2672A71E105CD10087B331 /* tvOS */,
				EAA0B3889EEB0F84BA539375 /* Pods_OrangeIRC__iOS_.framework */,
				92271B17A5D1676A76D4BC8B /* Pods_OrangeIRC_Core__iOS_.framework */,
				6AF08CE85F65F579CADA6954 /* Pods_OrangeIRC_Core__macOS_.framework */,
				241873B7B5B25B8F24F3C3EC /* Pods_OrangeIRC_Core__tvOS_.framework */,
			);
			name = Frameworks;
			sourceTree = "<group>";
		};
		66837D9D1D25E4F600F85410 /* iOS */ = {
			isa = PBXGroup;
			children = (
				66837D981D25E4A800F85410 /* CocoaAsyncSocket.framework */,
			);
			name = iOS;
			sourceTree = "<group>";
		};
		66837D9E1D25E4FC00F85410 /* macOS */ = {
			isa = PBXGroup;
			children = (
				66837D9F1D25E51100F85410 /* CocoaAsyncSocket.framework */,
			);
			name = macOS;
			sourceTree = "<group>";
		};
		66A75AF01D234628001161A3 = {
			isa = PBXGroup;
			children = (
				66837DA11D25E59900F85410 /* .gitignore */,
				6ABAD44A1DD70C8100D1B689 /* LICENSE */,
				6ABAD4491DD70C2500D1B689 /* README.md */,
				6A7325161E11F7EB00AFCC0B /* CONTRIBUTORS.md */,
				661D52B81F183BFB006F8E06 /* CONTRIBUTING.md */,
				661D52B91F183C04006F8E06 /* CODE_OF_CONDUCT.md */,
				6A558D351E16BF2F0077BBF4 /* TODO.md */,
				6A558D361E16C01B0077BBF4 /* OrangeIRC.png */,
				661D52B71F183BE9006F8E06 /* OrangeIRC.podspec */,
				6A59B7B01E73C58500BE9123 /* Icons */,
				6ABAD4481DD70A4400D1B689 /* docs */,
				66A75B141D2346ED001161A3 /* OrangeIRC Core */,
				6A212F841E104C7C006739B4 /* OrangeIRC Core Tests */,
				66837D9B1D25E4B800F85410 /* Frameworks */,
				66A75AFC1D234694001161A3 /* Products */,
				27B1CBE6BABF785B0A0CBD31 /* Pods */,
			);
			sourceTree = "<group>";
		};
		66A75AFC1D234694001161A3 /* Products */ = {
			isa = PBXGroup;
			children = (
				66A75B251D234737001161A3 /* OrangeIRCCore.framework */,
				66EDD2E11D29621B0013E7CC /* OrangeIRCCore.framework */,
				6A212F831E104C7B006739B4 /* OrangeIRCCoreTests.xctest */,
				6A2672781E1055750087B331 /* OrangeIRCCoreTests.xctest */,
				6A26728E1E105C230087B331 /* OrangeIRCCore.framework */,
				6A2672961E105C230087B331 /* OrangeIRCCoreTests.xctest */,
			);
			name = Products;
			sourceTree = "<group>";
		};
		66A75B141D2346ED001161A3 /* OrangeIRC Core */ = {
			isa = PBXGroup;
			children = (
				66A75B171D2346ED001161A3 /* Info.plist */,
				6A7AE41E1E75C7C90032D6FE /* Localizations.strings */,
				6A83890F1E343896006ED94B /* Settings.swift */,
				6A91CA581E623F85004D38E1 /* Utilities.swift */,
				6A25035D1D5950E300C18750 /* Server */,
				6A25035E1D5950FB00C18750 /* Log */,
				6A7A6A041D29D0850012D037 /* Room.swift */,
				6AFDA8BF1E6C69D3003A30C5 /* Channel.swift */,
				6AFDA8C31E6C69E2003A30C5 /* PrivateMessage.swift */,
				6A6CBFDD1D3DBDC500EC6051 /* RoomType.swift */,
				56F1E1D41F221B7F00DCB61C /* Notifications.swift */,
				6A7A6A011D29CDC60012D037 /* User.swift */,
				669FCF1D1D2891B6000117C5 /* Message.swift */,
				6A4BB74D1D25F1500032B5D0 /* Tag.swift */,
				6A82A07D1D24332A00F81A1B /* Command.swift */,
				6A43E6ED1DD6CBC0009DB1FC /* UserCache.swift */,
				6AAA09EC1F0004F200ECF97A /* UserMode.swift */,
			);
			path = "OrangeIRC Core";
			sourceTree = "<group>";
		};
		6A212F841E104C7C006739B4 /* OrangeIRC Core Tests */ = {
			isa = PBXGroup;
			children = (
				6A212F871E104C7C006739B4 /* Info.plist */,
				6A212F8E1E104D4E006739B4 /* MessageTests.swift */,
			);
			path = "OrangeIRC Core Tests";
			sourceTree = "<group>";
		};
		6A25035D1D5950E300C18750 /* Server */ = {
			isa = PBXGroup;
			children = (
				66A75B351D234885001161A3 /* Server.swift */,
				66A75B3E1D23496C001161A3 /* ServerDelegate.swift */,
				6AE6F90A1E2B29BC007CC0AE /* ServerManager.swift */,
				6A8389061E33F3A8006ED94B /* ServerManager+ServerDelegate.swift */,
				667BB2EB1D29C2F60029AB2D /* Server+Room.swift */,
				669FCF201D289A96000117C5 /* Server+MessageHandler.swift */,
				669DF6FE1D7CDCD0007F82DB /* Server+Socket.swift */,
				6A73250F1E11C06C00AFCC0B /* Server+NickServ.swift */,
				6A597BF21EF375050073E4AE /* ConsoleEntry.swift */,
				66260FA21F083E390028FD71 /* ConsoleDelegate.swift */,
			);
			name = Server;
			sourceTree = "<group>";
		};
		6A25035E1D5950FB00C18750 /* Log */ = {
			isa = PBXGroup;
			children = (
				66A75B2E1D23483C001161A3 /* LogEvent.swift */,
				6A4A5A741E75063E005E064D /* RoomLogEvent.swift */,
				6A25035F1D59511900C18750 /* MessageLogEvent.swift */,
				66C8580A1D7B1781009E486F /* UserLogEvent.swift */,
				66C8580D1D7B17F1009E486F /* UserJoinLogEvent.swift */,
				66C858101D7B17FA009E486F /* UserPartLogEvent.swift */,
				669DF7051D7CFBEB007F82DB /* UserQuitLogEvent.swift */,
				6A7325071E11A9F000AFCC0B /* UserOnlineLogEvent.swift */,
				6A73250B1E11AA0700AFCC0B /* UserOfflineLogEvent.swift */,
				6AAA09E81F00007D00ECF97A /* UserNickChangeLogEvent.swift */,
				6604F5CD1F06D0DF00FF1E3F /* ModerationLogEvent.swift */,
				6604F5D11F06D18900FF1E3F /* KickLogEvent.swift */,
			);
			name = Log;
			sourceTree = "<group>";
		};
		6A2672A71E105CD10087B331 /* tvOS */ = {
			isa = PBXGroup;
			children = (
				6A2672A51E105CC50087B331 /* CocoaAsyncSocket.framework */,
			);
			name = tvOS;
			sourceTree = "<group>";
		};
/* End PBXGroup section */

/* Begin PBXHeadersBuildPhase section */
		66A75B221D234737001161A3 /* Headers */ = {
			isa = PBXHeadersBuildPhase;
			buildActionMask = 2147483647;
			files = (
			);
			runOnlyForDeploymentPostprocessing = 0;
		};
		66EDD2DE1D29621B0013E7CC /* Headers */ = {
			isa = PBXHeadersBuildPhase;
			buildActionMask = 2147483647;
			files = (
			);
			runOnlyForDeploymentPostprocessing = 0;
		};
		6A26728B1E105C230087B331 /* Headers */ = {
			isa = PBXHeadersBuildPhase;
			buildActionMask = 2147483647;
			files = (
			);
			runOnlyForDeploymentPostprocessing = 0;
		};
/* End PBXHeadersBuildPhase section */

/* Begin PBXNativeTarget section */
		66A75B241D234737001161A3 /* OrangeIRC Core (macOS) */ = {
			isa = PBXNativeTarget;
			buildConfigurationList = 66A75B2A1D234737001161A3 /* Build configuration list for PBXNativeTarget "OrangeIRC Core (macOS)" */;
			buildPhases = (
				292F42419B1DEAA6694EDD0C /* [CP] Check Pods Manifest.lock */,
				66A75B201D234737001161A3 /* Sources */,
				66A75B211D234737001161A3 /* Frameworks */,
				66A75B221D234737001161A3 /* Headers */,
				66A75B231D234737001161A3 /* Resources */,
				B918580B67A0F6CDF9A4AC4E /* [CP] Copy Pods Resources */,
			);
			buildRules = (
			);
			dependencies = (
			);
			name = "OrangeIRC Core (macOS)";
			productName = "OrangeIRC Core-delete";
			productReference = 66A75B251D234737001161A3 /* OrangeIRCCore.framework */;
			productType = "com.apple.product-type.framework";
		};
		66EDD2E01D29621B0013E7CC /* OrangeIRC Core (iOS) */ = {
			isa = PBXNativeTarget;
			buildConfigurationList = 66EDD2EC1D29621D0013E7CC /* Build configuration list for PBXNativeTarget "OrangeIRC Core (iOS)" */;
			buildPhases = (
				740AD712A388CD851395833E /* [CP] Check Pods Manifest.lock */,
				66EDD2DC1D29621B0013E7CC /* Sources */,
				66EDD2DD1D29621B0013E7CC /* Frameworks */,
				66EDD2DE1D29621B0013E7CC /* Headers */,
				66EDD2DF1D29621B0013E7CC /* Resources */,
				6DF35A41A11B327E017DB3F5 /* [CP] Copy Pods Resources */,
			);
			buildRules = (
			);
			dependencies = (
			);
			name = "OrangeIRC Core (iOS)";
			productName = "OrangeIRCCore-change";
			productReference = 66EDD2E11D29621B0013E7CC /* OrangeIRCCore.framework */;
			productType = "com.apple.product-type.framework";
		};
		6A212F821E104C7B006739B4 /* OrangeIRC Core Tests (iOS) */ = {
			isa = PBXNativeTarget;
			buildConfigurationList = 6A212F8D1E104C7C006739B4 /* Build configuration list for PBXNativeTarget "OrangeIRC Core Tests (iOS)" */;
			buildPhases = (
				6A212F7F1E104C7B006739B4 /* Sources */,
				6A212F801E104C7B006739B4 /* Frameworks */,
				6A212F811E104C7B006739B4 /* Resources */,
			);
			buildRules = (
			);
			dependencies = (
				6A212F8A1E104C7C006739B4 /* PBXTargetDependency */,
			);
			name = "OrangeIRC Core Tests (iOS)";
			productName = "OrangeIRC Core Tests";
			productReference = 6A212F831E104C7B006739B4 /* OrangeIRCCoreTests.xctest */;
			productType = "com.apple.product-type.bundle.unit-test";
		};
		6A2672771E1055750087B331 /* OrangeIRC Core Tests (macOS) */ = {
			isa = PBXNativeTarget;
			buildConfigurationList = 6A2672801E1055750087B331 /* Build configuration list for PBXNativeTarget "OrangeIRC Core Tests (macOS)" */;
			buildPhases = (
				6A2672741E1055750087B331 /* Sources */,
				6A2672751E1055750087B331 /* Frameworks */,
				6A2672761E1055750087B331 /* Resources */,
			);
			buildRules = (
			);
			dependencies = (
				6A26727F1E1055750087B331 /* PBXTargetDependency */,
			);
			name = "OrangeIRC Core Tests (macOS)";
			productName = "OrangeIRC Core Tests (macOS)";
			productReference = 6A2672781E1055750087B331 /* OrangeIRCCoreTests.xctest */;
			productType = "com.apple.product-type.bundle.unit-test";
		};
		6A26728D1E105C230087B331 /* OrangeIRC Core (tvOS) */ = {
			isa = PBXNativeTarget;
			buildConfigurationList = 6A26729F1E105C230087B331 /* Build configuration list for PBXNativeTarget "OrangeIRC Core (tvOS)" */;
			buildPhases = (
				2C9AEDAF1D00E17D996F93BE /* [CP] Check Pods Manifest.lock */,
				6A2672891E105C230087B331 /* Sources */,
				6A26728A1E105C230087B331 /* Frameworks */,
				6A26728B1E105C230087B331 /* Headers */,
				6A26728C1E105C230087B331 /* Resources */,
				AF8F184C79CF8DFD42CC5E78 /* [CP] Copy Pods Resources */,
			);
			buildRules = (
			);
			dependencies = (
			);
			name = "OrangeIRC Core (tvOS)";
			productName = "OrangeIRC Core (tvOS)";
			productReference = 6A26728E1E105C230087B331 /* OrangeIRCCore.framework */;
			productType = "com.apple.product-type.framework";
		};
		6A2672951E105C230087B331 /* OrangeIRC Core Tests (tvOS) */ = {
			isa = PBXNativeTarget;
			buildConfigurationList = 6A2672A21E105C230087B331 /* Build configuration list for PBXNativeTarget "OrangeIRC Core Tests (tvOS)" */;
			buildPhases = (
				6A2672921E105C230087B331 /* Sources */,
				6A2672931E105C230087B331 /* Frameworks */,
				6A2672941E105C230087B331 /* Resources */,
			);
			buildRules = (
			);
			dependencies = (
				6A2672991E105C230087B331 /* PBXTargetDependency */,
			);
			name = "OrangeIRC Core Tests (tvOS)";
			productName = "OrangeIRC Core (tvOS)Tests";
			productReference = 6A2672961E105C230087B331 /* OrangeIRCCoreTests.xctest */;
			productType = "com.apple.product-type.bundle.unit-test";
		};
/* End PBXNativeTarget section */

/* Begin PBXProject section */
		66A75AF11D234628001161A3 /* Project object */ = {
			isa = PBXProject;
			attributes = {
				LastSwiftUpdateCheck = 0820;
				LastUpgradeCheck = 0810;
				TargetAttributes = {
					66A75B241D234737001161A3 = {
						CreatedOnToolsVersion = 8.0;
						DevelopmentTeam = TGZ526AV87;
						DevelopmentTeamName = "Andrew Hyatt (Personal Team)";
						LastSwiftMigration = 0800;
						ProvisioningStyle = Automatic;
					};
					66EDD2E01D29621B0013E7CC = {
						CreatedOnToolsVersion = 8.0;
						DevelopmentTeam = TGZ526AV87;
						DevelopmentTeamName = "Andrew Hyatt (Personal Team)";
						ProvisioningStyle = Automatic;
					};
					6A212F821E104C7B006739B4 = {
						CreatedOnToolsVersion = 8.2;
						ProvisioningStyle = Automatic;
					};
					6A2672771E1055750087B331 = {
						CreatedOnToolsVersion = 8.2;
						ProvisioningStyle = Automatic;
					};
					6A26728D1E105C230087B331 = {
						CreatedOnToolsVersion = 8.2;
						ProvisioningStyle = Automatic;
					};
					6A2672951E105C230087B331 = {
						CreatedOnToolsVersion = 8.2;
						ProvisioningStyle = Automatic;
					};
				};
			};
			buildConfigurationList = 66A75AF41D234628001161A3 /* Build configuration list for PBXProject "OrangeIRC" */;
			compatibilityVersion = "Xcode 8.0";
			developmentRegion = English;
			hasScannedForEncodings = 0;
			knownRegions = (
				en,
				es,
			);
			mainGroup = 66A75AF01D234628001161A3;
			productRefGroup = 66A75AFC1D234694001161A3 /* Products */;
			projectDirPath = "";
			projectRoot = "";
			targets = (
				66EDD2E01D29621B0013E7CC /* OrangeIRC Core (iOS) */,
				6A212F821E104C7B006739B4 /* OrangeIRC Core Tests (iOS) */,
				66A75B241D234737001161A3 /* OrangeIRC Core (macOS) */,
				6A2672771E1055750087B331 /* OrangeIRC Core Tests (macOS) */,
				6A26728D1E105C230087B331 /* OrangeIRC Core (tvOS) */,
				6A2672951E105C230087B331 /* OrangeIRC Core Tests (tvOS) */,
			);
		};
/* End PBXProject section */

/* Begin PBXResourcesBuildPhase section */
		66A75B231D234737001161A3 /* Resources */ = {
			isa = PBXResourcesBuildPhase;
			buildActionMask = 2147483647;
			files = (
				6A7AE41B1E75C7C90032D6FE /* Localizations.strings in Resources */,
			);
			runOnlyForDeploymentPostprocessing = 0;
		};
		66EDD2DF1D29621B0013E7CC /* Resources */ = {
			isa = PBXResourcesBuildPhase;
			buildActionMask = 2147483647;
			files = (
				6A7AE41A1E75C7C90032D6FE /* Localizations.strings in Resources */,
			);
			runOnlyForDeploymentPostprocessing = 0;
		};
		6A212F811E104C7B006739B4 /* Resources */ = {
			isa = PBXResourcesBuildPhase;
			buildActionMask = 2147483647;
			files = (
			);
			runOnlyForDeploymentPostprocessing = 0;
		};
		6A2672761E1055750087B331 /* Resources */ = {
			isa = PBXResourcesBuildPhase;
			buildActionMask = 2147483647;
			files = (
			);
			runOnlyForDeploymentPostprocessing = 0;
		};
		6A26728C1E105C230087B331 /* Resources */ = {
			isa = PBXResourcesBuildPhase;
			buildActionMask = 2147483647;
			files = (
				6A7AE41C1E75C7C90032D6FE /* Localizations.strings in Resources */,
			);
			runOnlyForDeploymentPostprocessing = 0;
		};
		6A2672941E105C230087B331 /* Resources */ = {
			isa = PBXResourcesBuildPhase;
			buildActionMask = 2147483647;
			files = (
			);
			runOnlyForDeploymentPostprocessing = 0;
		};
/* End PBXResourcesBuildPhase section */

/* Begin PBXShellScriptBuildPhase section */
		292F42419B1DEAA6694EDD0C /* [CP] Check Pods Manifest.lock */ = {
			isa = PBXShellScriptBuildPhase;
			buildActionMask = 2147483647;
			files = (
			);
			inputPaths = (
			);
			name = "[CP] Check Pods Manifest.lock";
			outputPaths = (
			);
			runOnlyForDeploymentPostprocessing = 0;
			shellPath = /bin/sh;
			shellScript = "diff \"${PODS_PODFILE_DIR_PATH}/Podfile.lock\" \"${PODS_ROOT}/Manifest.lock\" > /dev/null\nif [ $? != 0 ] ; then\n    # print error to STDERR\n    echo \"error: The sandbox is not in sync with the Podfile.lock. Run 'pod install' or update your CocoaPods installation.\" >&2\n    exit 1\nfi\n";
			showEnvVarsInLog = 0;
		};
		2C9AEDAF1D00E17D996F93BE /* [CP] Check Pods Manifest.lock */ = {
			isa = PBXShellScriptBuildPhase;
			buildActionMask = 2147483647;
			files = (
			);
			inputPaths = (
			);
			name = "[CP] Check Pods Manifest.lock";
			outputPaths = (
			);
			runOnlyForDeploymentPostprocessing = 0;
			shellPath = /bin/sh;
			shellScript = "diff \"${PODS_PODFILE_DIR_PATH}/Podfile.lock\" \"${PODS_ROOT}/Manifest.lock\" > /dev/null\nif [ $? != 0 ] ; then\n    # print error to STDERR\n    echo \"error: The sandbox is not in sync with the Podfile.lock. Run 'pod install' or update your CocoaPods installation.\" >&2\n    exit 1\nfi\n";
			showEnvVarsInLog = 0;
		};
		6DF35A41A11B327E017DB3F5 /* [CP] Copy Pods Resources */ = {
			isa = PBXShellScriptBuildPhase;
			buildActionMask = 2147483647;
			files = (
			);
			inputPaths = (
			);
			name = "[CP] Copy Pods Resources";
			outputPaths = (
			);
			runOnlyForDeploymentPostprocessing = 0;
			shellPath = /bin/sh;
			shellScript = "\"${SRCROOT}/Pods/Target Support Files/Pods-OrangeIRC Core (iOS)/Pods-OrangeIRC Core (iOS)-resources.sh\"\n";
			showEnvVarsInLog = 0;
		};
		740AD712A388CD851395833E /* [CP] Check Pods Manifest.lock */ = {
			isa = PBXShellScriptBuildPhase;
			buildActionMask = 2147483647;
			files = (
			);
			inputPaths = (
			);
			name = "[CP] Check Pods Manifest.lock";
			outputPaths = (
			);
			runOnlyForDeploymentPostprocessing = 0;
			shellPath = /bin/sh;
			shellScript = "diff \"${PODS_PODFILE_DIR_PATH}/Podfile.lock\" \"${PODS_ROOT}/Manifest.lock\" > /dev/null\nif [ $? != 0 ] ; then\n    # print error to STDERR\n    echo \"error: The sandbox is not in sync with the Podfile.lock. Run 'pod install' or update your CocoaPods installation.\" >&2\n    exit 1\nfi\n";
			showEnvVarsInLog = 0;
		};
		AF8F184C79CF8DFD42CC5E78 /* [CP] Copy Pods Resources */ = {
			isa = PBXShellScriptBuildPhase;
			buildActionMask = 2147483647;
			files = (
			);
			inputPaths = (
			);
			name = "[CP] Copy Pods Resources";
			outputPaths = (
			);
			runOnlyForDeploymentPostprocessing = 0;
			shellPath = /bin/sh;
			shellScript = "\"${SRCROOT}/Pods/Target Support Files/Pods-OrangeIRC Core (tvOS)/Pods-OrangeIRC Core (tvOS)-resources.sh\"\n";
			showEnvVarsInLog = 0;
		};
		B918580B67A0F6CDF9A4AC4E /* [CP] Copy Pods Resources */ = {
			isa = PBXShellScriptBuildPhase;
			buildActionMask = 2147483647;
			files = (
			);
			inputPaths = (
			);
			name = "[CP] Copy Pods Resources";
			outputPaths = (
			);
			runOnlyForDeploymentPostprocessing = 0;
			shellPath = /bin/sh;
			shellScript = "\"${SRCROOT}/Pods/Target Support Files/Pods-OrangeIRC Core (macOS)/Pods-OrangeIRC Core (macOS)-resources.sh\"\n";
			showEnvVarsInLog = 0;
		};
/* End PBXShellScriptBuildPhase section */

/* Begin PBXSourcesBuildPhase section */
		66A75B201D234737001161A3 /* Sources */ = {
			isa = PBXSourcesBuildPhase;
			buildActionMask = 2147483647;
			files = (
				6A2503611D59511900C18750 /* MessageLogEvent.swift in Sources */,
				66A75B401D23496C001161A3 /* ServerDelegate.swift in Sources */,
				6A8389111E343896006ED94B /* Settings.swift in Sources */,
				6A82A07F1D24332A00F81A1B /* Command.swift in Sources */,
				6AAA09EA1F00007D00ECF97A /* UserNickChangeLogEvent.swift in Sources */,
				6A91CA5A1E623F85004D38E1 /* Utilities.swift in Sources */,
				669DF7071D7CFBEB007F82DB /* UserQuitLogEvent.swift in Sources */,
				6A8389081E33F3A8006ED94B /* ServerManager+ServerDelegate.swift in Sources */,
				6AFDA8C11E6C69D3003A30C5 /* Channel.swift in Sources */,
				6A73250D1E11AA0700AFCC0B /* UserOfflineLogEvent.swift in Sources */,
				6AAA09EE1F0004F200ECF97A /* UserMode.swift in Sources */,
				66C8580F1D7B17F1009E486F /* UserJoinLogEvent.swift in Sources */,
				66C858121D7B17FA009E486F /* UserPartLogEvent.swift in Sources */,
				6AE6F90C1E2B29BC007CC0AE /* ServerManager.swift in Sources */,
				6604F5CF1F06D0DF00FF1E3F /* ModerationLogEvent.swift in Sources */,
				669FCF221D289A96000117C5 /* Server+MessageHandler.swift in Sources */,
				6A4A5A761E75063E005E064D /* RoomLogEvent.swift in Sources */,
				6A6CBFDF1D3DBDC500EC6051 /* RoomType.swift in Sources */,
				6A7A6A061D29D0850012D037 /* Room.swift in Sources */,
				6A4BB74F1D25F1500032B5D0 /* Tag.swift in Sources */,
				6A7325091E11A9F000AFCC0B /* UserOnlineLogEvent.swift in Sources */,
				667BB2ED1D29C2F60029AB2D /* Server+Room.swift in Sources */,
				6604F5D31F06D18900FF1E3F /* KickLogEvent.swift in Sources */,
				66260FA41F083E390028FD71 /* ConsoleDelegate.swift in Sources */,
				6AFDA8C51E6C69E2003A30C5 /* PrivateMessage.swift in Sources */,
				6A7A6A031D29CDC60012D037 /* User.swift in Sources */,
				66A75B341D23486F001161A3 /* LogEvent.swift in Sources */,
				66C8580C1D7B1781009E486F /* UserLogEvent.swift in Sources */,
				6A597BF41EF375050073E4AE /* ConsoleEntry.swift in Sources */,
				6A7325111E11C06C00AFCC0B /* Server+NickServ.swift in Sources */,
				66A75B371D234885001161A3 /* Server.swift in Sources */,
				6A43E6EF1DD6CBC0009DB1FC /* UserCache.swift in Sources */,
				669FCF1F1D2891B6000117C5 /* Message.swift in Sources */,
				669DF7001D7CDCD0007F82DB /* Server+Socket.swift in Sources */,
			);
			runOnlyForDeploymentPostprocessing = 0;
		};
		66EDD2DC1D29621B0013E7CC /* Sources */ = {
			isa = PBXSourcesBuildPhase;
			buildActionMask = 2147483647;
			files = (
				66EDD2F31D2963E60013E7CC /* Tag.swift in Sources */,
				6A2503601D59511900C18750 /* MessageLogEvent.swift in Sources */,
				6A8389101E343896006ED94B /* Settings.swift in Sources */,
				66EDD2EF1D2963E60013E7CC /* Server.swift in Sources */,
				6AAA09E91F00007D00ECF97A /* UserNickChangeLogEvent.swift in Sources */,
				6A91CA591E623F85004D38E1 /* Utilities.swift in Sources */,
				669DF7061D7CFBEB007F82DB /* UserQuitLogEvent.swift in Sources */,
				6A8389071E33F3A8006ED94B /* ServerManager+ServerDelegate.swift in Sources */,
				6AFDA8C01E6C69D3003A30C5 /* Channel.swift in Sources */,
				6A73250C1E11AA0700AFCC0B /* UserOfflineLogEvent.swift in Sources */,
				6AAA09ED1F0004F200ECF97A /* UserMode.swift in Sources */,
				66C8580E1D7B17F1009E486F /* UserJoinLogEvent.swift in Sources */,
				66C858111D7B17FA009E486F /* UserPartLogEvent.swift in Sources */,
				6AE6F90B1E2B29BC007CC0AE /* ServerManager.swift in Sources */,
				6604F5CE1F06D0DF00FF1E3F /* ModerationLogEvent.swift in Sources */,
				66EDD2F11D2963E60013E7CC /* Message.swift in Sources */,
				6A4A5A751E75063E005E064D /* RoomLogEvent.swift in Sources */,
				6A6CBFDE1D3DBDC500EC6051 /* RoomType.swift in Sources */,
				6A7A6A051D29D0850012D037 /* Room.swift in Sources */,
				66EDD2EE1D2963E60013E7CC /* LogEvent.swift in Sources */,
				6A7325081E11A9F000AFCC0B /* UserOnlineLogEvent.swift in Sources */,
				667BB2EC1D29C2F60029AB2D /* Server+Room.swift in Sources */,
				6604F5D21F06D18900FF1E3F /* KickLogEvent.swift in Sources */,
				66260FA31F083E390028FD71 /* ConsoleDelegate.swift in Sources */,
				6AFDA8C41E6C69E2003A30C5 /* PrivateMessage.swift in Sources */,
				6A7A6A021D29CDC60012D037 /* User.swift in Sources */,
				66EDD2F41D2963E60013E7CC /* ServerDelegate.swift in Sources */,
				66C8580B1D7B1781009E486F /* UserLogEvent.swift in Sources */,
				6A597BF31EF375050073E4AE /* ConsoleEntry.swift in Sources */,
				6A7325101E11C06C00AFCC0B /* Server+NickServ.swift in Sources */,
				66EDD2F01D2963E60013E7CC /* Server+MessageHandler.swift in Sources */,
				56F1E1D51F221B7F00DCB61C /* Notifications.swift in Sources */,
				6A43E6EE1DD6CBC0009DB1FC /* UserCache.swift in Sources */,
				66EDD2F51D2963E60013E7CC /* Command.swift in Sources */,
				669DF6FF1D7CDCD0007F82DB /* Server+Socket.swift in Sources */,
			);
			runOnlyForDeploymentPostprocessing = 0;
		};
		6A212F7F1E104C7B006739B4 /* Sources */ = {
			isa = PBXSourcesBuildPhase;
			buildActionMask = 2147483647;
			files = (
				6A212F8F1E104D4E006739B4 /* MessageTests.swift in Sources */,
			);
			runOnlyForDeploymentPostprocessing = 0;
		};
		6A2672741E1055750087B331 /* Sources */ = {
			isa = PBXSourcesBuildPhase;
			buildActionMask = 2147483647;
			files = (
				6A2672851E1056430087B331 /* MessageTests.swift in Sources */,
			);
			runOnlyForDeploymentPostprocessing = 0;
		};
		6A2672891E105C230087B331 /* Sources */ = {
			isa = PBXSourcesBuildPhase;
			buildActionMask = 2147483647;
			files = (
				6A2672B91E105D180087B331 /* Tag.swift in Sources */,
				6A2672AF1E105D180087B331 /* LogEvent.swift in Sources */,
				6A8389121E343896006ED94B /* Settings.swift in Sources */,
				6A2672B01E105D180087B331 /* MessageLogEvent.swift in Sources */,
				6AAA09EB1F00007D00ECF97A /* UserNickChangeLogEvent.swift in Sources */,
				6A91CA5B1E623F85004D38E1 /* Utilities.swift in Sources */,
				6A2672B21E105D180087B331 /* UserJoinLogEvent.swift in Sources */,
				6A8389091E33F3A8006ED94B /* ServerManager+ServerDelegate.swift in Sources */,
				6AFDA8C21E6C69D3003A30C5 /* Channel.swift in Sources */,
				6A73250E1E11AA0700AFCC0B /* UserOfflineLogEvent.swift in Sources */,
				6AAA09EF1F0004F200ECF97A /* UserMode.swift in Sources */,
				6A2672B41E105D180087B331 /* UserQuitLogEvent.swift in Sources */,
				6A2672BA1E105D180087B331 /* Command.swift in Sources */,
				6AE6F90D1E2B29BC007CC0AE /* ServerManager.swift in Sources */,
				6604F5D01F06D0DF00FF1E3F /* ModerationLogEvent.swift in Sources */,
				6A2672B31E105D180087B331 /* UserPartLogEvent.swift in Sources */,
				6A4A5A771E75063E005E064D /* RoomLogEvent.swift in Sources */,
				6A2672BD1E1084FB0087B331 /* Message.swift in Sources */,
				6A2672A91E105D180087B331 /* Server.swift in Sources */,
				6A2672B51E105D180087B331 /* Room.swift in Sources */,
				6A2672AB1E105D180087B331 /* Server+Room.swift in Sources */,
				6A73250A1E11A9F000AFCC0B /* UserOnlineLogEvent.swift in Sources */,
				6604F5D41F06D18900FF1E3F /* KickLogEvent.swift in Sources */,
				66260FA51F083E390028FD71 /* ConsoleDelegate.swift in Sources */,
				6AFDA8C61E6C69E2003A30C5 /* PrivateMessage.swift in Sources */,
				6A2672B71E105D180087B331 /* User.swift in Sources */,
				6A2672B61E105D180087B331 /* RoomType.swift in Sources */,
				6A2672AA1E105D180087B331 /* ServerDelegate.swift in Sources */,
				6A597BF51EF375050073E4AE /* ConsoleEntry.swift in Sources */,
				6A2672AD1E105D180087B331 /* Server+MessageHandler.swift in Sources */,
				6A7325121E11C06C00AFCC0B /* Server+NickServ.swift in Sources */,
				6A2672B11E105D180087B331 /* UserLogEvent.swift in Sources */,
				6A2672BB1E105D180087B331 /* UserCache.swift in Sources */,
				6A2672AE1E105D180087B331 /* Server+Socket.swift in Sources */,
			);
			runOnlyForDeploymentPostprocessing = 0;
		};
		6A2672921E105C230087B331 /* Sources */ = {
			isa = PBXSourcesBuildPhase;
			buildActionMask = 2147483647;
			files = (
				6A2672A81E105CEB0087B331 /* MessageTests.swift in Sources */,
			);
			runOnlyForDeploymentPostprocessing = 0;
		};
/* End PBXSourcesBuildPhase section */

/* Begin PBXTargetDependency section */
		6A212F8A1E104C7C006739B4 /* PBXTargetDependency */ = {
			isa = PBXTargetDependency;
			target = 66EDD2E01D29621B0013E7CC /* OrangeIRC Core (iOS) */;
			targetProxy = 6A212F891E104C7C006739B4 /* PBXContainerItemProxy */;
		};
		6A26727F1E1055750087B331 /* PBXTargetDependency */ = {
			isa = PBXTargetDependency;
			target = 66A75B241D234737001161A3 /* OrangeIRC Core (macOS) */;
			targetProxy = 6A26727E1E1055750087B331 /* PBXContainerItemProxy */;
		};
		6A2672991E105C230087B331 /* PBXTargetDependency */ = {
			isa = PBXTargetDependency;
			target = 6A26728D1E105C230087B331 /* OrangeIRC Core (tvOS) */;
			targetProxy = 6A2672981E105C230087B331 /* PBXContainerItemProxy */;
		};
/* End PBXTargetDependency section */

/* Begin PBXVariantGroup section */
		6A7AE41E1E75C7C90032D6FE /* Localizations.strings */ = {
			isa = PBXVariantGroup;
			children = (
				6A7AE41D1E75C7C90032D6FE /* en */,
				6A7AE41F1E75C7CE0032D6FE /* es */,
			);
			name = Localizations.strings;
			sourceTree = "<group>";
		};
/* End PBXVariantGroup section */

/* Begin XCBuildConfiguration section */
		66A75AF51D234628001161A3 /* Debug */ = {
			isa = XCBuildConfiguration;
			buildSettings = {
				CLANG_ANALYZER_LOCALIZABILITY_NONLOCALIZED = YES;
				CLANG_WARN_BOOL_CONVERSION = YES;
				CLANG_WARN_CONSTANT_CONVERSION = YES;
				CLANG_WARN_EMPTY_BODY = YES;
				CLANG_WARN_ENUM_CONVERSION = YES;
				CLANG_WARN_INFINITE_RECURSION = YES;
				CLANG_WARN_INT_CONVERSION = YES;
				CLANG_WARN_SUSPICIOUS_MOVE = YES;
				CLANG_WARN_UNREACHABLE_CODE = YES;
				CLANG_WARN__DUPLICATE_METHOD_MATCH = YES;
				ENABLE_STRICT_OBJC_MSGSEND = YES;
				ENABLE_TESTABILITY = YES;
				GCC_NO_COMMON_BLOCKS = YES;
				GCC_WARN_64_TO_32_BIT_CONVERSION = YES;
				GCC_WARN_ABOUT_RETURN_TYPE = YES;
				GCC_WARN_UNDECLARED_SELECTOR = YES;
				GCC_WARN_UNINITIALIZED_AUTOS = YES;
				GCC_WARN_UNUSED_FUNCTION = YES;
				GCC_WARN_UNUSED_VARIABLE = YES;
				IPHONEOS_DEPLOYMENT_TARGET = 10.0;
				MACOSX_DEPLOYMENT_TARGET = 10.12;
				ONLY_ACTIVE_ARCH = YES;
			};
			name = Debug;
		};
		66A75AF61D234628001161A3 /* Release */ = {
			isa = XCBuildConfiguration;
			buildSettings = {
				CLANG_ANALYZER_LOCALIZABILITY_NONLOCALIZED = YES;
				CLANG_WARN_BOOL_CONVERSION = YES;
				CLANG_WARN_CONSTANT_CONVERSION = YES;
				CLANG_WARN_EMPTY_BODY = YES;
				CLANG_WARN_ENUM_CONVERSION = YES;
				CLANG_WARN_INFINITE_RECURSION = YES;
				CLANG_WARN_INT_CONVERSION = YES;
				CLANG_WARN_SUSPICIOUS_MOVE = YES;
				CLANG_WARN_UNREACHABLE_CODE = YES;
				CLANG_WARN__DUPLICATE_METHOD_MATCH = YES;
				ENABLE_STRICT_OBJC_MSGSEND = YES;
				GCC_NO_COMMON_BLOCKS = YES;
				GCC_WARN_64_TO_32_BIT_CONVERSION = YES;
				GCC_WARN_ABOUT_RETURN_TYPE = YES;
				GCC_WARN_UNDECLARED_SELECTOR = YES;
				GCC_WARN_UNINITIALIZED_AUTOS = YES;
				GCC_WARN_UNUSED_FUNCTION = YES;
				GCC_WARN_UNUSED_VARIABLE = YES;
				IPHONEOS_DEPLOYMENT_TARGET = 10.0;
				MACOSX_DEPLOYMENT_TARGET = 10.12;
			};
			name = Release;
		};
		66A75B2B1D234737001161A3 /* Debug */ = {
			isa = XCBuildConfiguration;
			baseConfigurationReference = 1D12880370793F21A512C956 /* Pods-OrangeIRC Core (macOS).debug.xcconfig */;
			buildSettings = {
				ALWAYS_SEARCH_USER_PATHS = NO;
				CLANG_ANALYZER_NONNULL = YES;
				CLANG_CXX_LANGUAGE_STANDARD = "gnu++0x";
				CLANG_CXX_LIBRARY = "libc++";
				CLANG_ENABLE_MODULES = YES;
				CLANG_ENABLE_OBJC_ARC = YES;
				CLANG_WARN_BOOL_CONVERSION = YES;
				CLANG_WARN_CONSTANT_CONVERSION = YES;
				CLANG_WARN_DIRECT_OBJC_ISA_USAGE = YES_ERROR;
				CLANG_WARN_DOCUMENTATION_COMMENTS = YES;
				CLANG_WARN_EMPTY_BODY = YES;
				CLANG_WARN_ENUM_CONVERSION = YES;
				CLANG_WARN_INT_CONVERSION = YES;
				CLANG_WARN_OBJC_ROOT_CLASS = YES_ERROR;
				CLANG_WARN_UNREACHABLE_CODE = YES;
				CLANG_WARN__DUPLICATE_METHOD_MATCH = YES;
				CODE_SIGN_IDENTITY = "";
				COMBINE_HIDPI_IMAGES = YES;
				COPY_PHASE_STRIP = NO;
				CURRENT_PROJECT_VERSION = 1;
				DEBUG_INFORMATION_FORMAT = dwarf;
				DEFINES_MODULE = YES;
				DYLIB_COMPATIBILITY_VERSION = 1;
				DYLIB_CURRENT_VERSION = 1;
				DYLIB_INSTALL_NAME_BASE = "@rpath";
				ENABLE_STRICT_OBJC_MSGSEND = YES;
				ENABLE_TESTABILITY = YES;
				FRAMEWORK_SEARCH_PATHS = (
					"$(inherited)",
					"$(PROJECT_DIR)/Carthage/Build/Mac",
				);
				FRAMEWORK_VERSION = A;
				GCC_C_LANGUAGE_STANDARD = gnu99;
				GCC_DYNAMIC_NO_PIC = NO;
				GCC_NO_COMMON_BLOCKS = YES;
				GCC_OPTIMIZATION_LEVEL = 0;
				GCC_PREPROCESSOR_DEFINITIONS = (
					"DEBUG=1",
					"$(inherited)",
				);
				GCC_WARN_64_TO_32_BIT_CONVERSION = YES;
				GCC_WARN_ABOUT_RETURN_TYPE = YES_ERROR;
				GCC_WARN_UNDECLARED_SELECTOR = YES;
				GCC_WARN_UNINITIALIZED_AUTOS = YES_AGGRESSIVE;
				GCC_WARN_UNUSED_FUNCTION = YES;
				GCC_WARN_UNUSED_VARIABLE = YES;
				INFOPLIST_FILE = "$(SRCROOT)/OrangeIRC Core/Info.plist";
				INSTALL_PATH = "$(LOCAL_LIBRARY_DIR)/Frameworks";
				LD_RUNPATH_SEARCH_PATHS = "$(inherited) @executable_path/../Frameworks @loader_path/Frameworks";
				MACOSX_DEPLOYMENT_TARGET = 10.12;
				MTL_ENABLE_DEBUG_INFO = YES;
				ONLY_ACTIVE_ARCH = YES;
				PRODUCT_BUNDLE_IDENTIFIER = io.github.ahyattdev.OrangeIRCCore;
				PRODUCT_NAME = OrangeIRCCore;
				SDKROOT = macosx;
				SKIP_INSTALL = YES;
				SWIFT_ACTIVE_COMPILATION_CONDITIONS = DEBUG;
				SWIFT_OPTIMIZATION_LEVEL = "-Onone";
				SWIFT_VERSION = 3.0;
				VERSIONING_SYSTEM = "apple-generic";
				VERSION_INFO_PREFIX = "";
			};
			name = Debug;
		};
		66A75B2C1D234737001161A3 /* Release */ = {
			isa = XCBuildConfiguration;
			baseConfigurationReference = 8281EA731418E1213876DF04 /* Pods-OrangeIRC Core (macOS).release.xcconfig */;
			buildSettings = {
				ALWAYS_SEARCH_USER_PATHS = NO;
				CLANG_ANALYZER_NONNULL = YES;
				CLANG_CXX_LANGUAGE_STANDARD = "gnu++0x";
				CLANG_CXX_LIBRARY = "libc++";
				CLANG_ENABLE_MODULES = YES;
				CLANG_ENABLE_OBJC_ARC = YES;
				CLANG_WARN_BOOL_CONVERSION = YES;
				CLANG_WARN_CONSTANT_CONVERSION = YES;
				CLANG_WARN_DIRECT_OBJC_ISA_USAGE = YES_ERROR;
				CLANG_WARN_DOCUMENTATION_COMMENTS = YES;
				CLANG_WARN_EMPTY_BODY = YES;
				CLANG_WARN_ENUM_CONVERSION = YES;
				CLANG_WARN_INT_CONVERSION = YES;
				CLANG_WARN_OBJC_ROOT_CLASS = YES_ERROR;
				CLANG_WARN_UNREACHABLE_CODE = YES;
				CLANG_WARN__DUPLICATE_METHOD_MATCH = YES;
				CODE_SIGN_IDENTITY = "";
				COMBINE_HIDPI_IMAGES = YES;
				COPY_PHASE_STRIP = NO;
				CURRENT_PROJECT_VERSION = 1;
				DEBUG_INFORMATION_FORMAT = "dwarf-with-dsym";
				DEFINES_MODULE = YES;
				DYLIB_COMPATIBILITY_VERSION = 1;
				DYLIB_CURRENT_VERSION = 1;
				DYLIB_INSTALL_NAME_BASE = "@rpath";
				ENABLE_NS_ASSERTIONS = NO;
				ENABLE_STRICT_OBJC_MSGSEND = YES;
				FRAMEWORK_SEARCH_PATHS = (
					"$(inherited)",
					"$(PROJECT_DIR)/Carthage/Build/Mac",
				);
				FRAMEWORK_VERSION = A;
				GCC_C_LANGUAGE_STANDARD = gnu99;
				GCC_NO_COMMON_BLOCKS = YES;
				GCC_WARN_64_TO_32_BIT_CONVERSION = YES;
				GCC_WARN_ABOUT_RETURN_TYPE = YES_ERROR;
				GCC_WARN_UNDECLARED_SELECTOR = YES;
				GCC_WARN_UNINITIALIZED_AUTOS = YES_AGGRESSIVE;
				GCC_WARN_UNUSED_FUNCTION = YES;
				GCC_WARN_UNUSED_VARIABLE = YES;
				INFOPLIST_FILE = "$(SRCROOT)/OrangeIRC Core/Info.plist";
				INSTALL_PATH = "$(LOCAL_LIBRARY_DIR)/Frameworks";
				LD_RUNPATH_SEARCH_PATHS = "$(inherited) @executable_path/../Frameworks @loader_path/Frameworks";
				MACOSX_DEPLOYMENT_TARGET = 10.12;
				MTL_ENABLE_DEBUG_INFO = NO;
				PRODUCT_BUNDLE_IDENTIFIER = io.github.ahyattdev.OrangeIRCCore;
				PRODUCT_NAME = OrangeIRCCore;
				SDKROOT = macosx;
				SKIP_INSTALL = YES;
				SWIFT_OPTIMIZATION_LEVEL = "-Owholemodule";
				SWIFT_VERSION = 3.0;
				VERSIONING_SYSTEM = "apple-generic";
				VERSION_INFO_PREFIX = "";
			};
			name = Release;
		};
		66EDD2EA1D29621D0013E7CC /* Debug */ = {
			isa = XCBuildConfiguration;
			baseConfigurationReference = E106F0766B8F2BB53D4DAF02 /* Pods-OrangeIRC Core (iOS).debug.xcconfig */;
			buildSettings = {
				ALWAYS_SEARCH_USER_PATHS = NO;
				CLANG_ANALYZER_NONNULL = YES;
				CLANG_CXX_LANGUAGE_STANDARD = "gnu++0x";
				CLANG_CXX_LIBRARY = "libc++";
				CLANG_ENABLE_MODULES = YES;
				CLANG_ENABLE_OBJC_ARC = YES;
				CLANG_WARN_BOOL_CONVERSION = YES;
				CLANG_WARN_CONSTANT_CONVERSION = YES;
				CLANG_WARN_DIRECT_OBJC_ISA_USAGE = YES_ERROR;
				CLANG_WARN_DOCUMENTATION_COMMENTS = YES;
				CLANG_WARN_EMPTY_BODY = YES;
				CLANG_WARN_ENUM_CONVERSION = YES;
				CLANG_WARN_INT_CONVERSION = YES;
				CLANG_WARN_OBJC_ROOT_CLASS = YES_ERROR;
				CLANG_WARN_UNREACHABLE_CODE = YES;
				CLANG_WARN__DUPLICATE_METHOD_MATCH = YES;
				"CODE_SIGN_IDENTITY[sdk=iphoneos*]" = "";
				COPY_PHASE_STRIP = NO;
				CURRENT_PROJECT_VERSION = 1;
				DEBUG_INFORMATION_FORMAT = dwarf;
				DEFINES_MODULE = YES;
				DYLIB_COMPATIBILITY_VERSION = 1;
				DYLIB_CURRENT_VERSION = 1;
				DYLIB_INSTALL_NAME_BASE = "@rpath";
				ENABLE_STRICT_OBJC_MSGSEND = YES;
				ENABLE_TESTABILITY = YES;
				EXCLUDED_RECURSIVE_SEARCH_PATH_SUBDIRECTORIES = "*.nib *.lproj *.framework *.gch *.xcode* *.xcassets (*) .DS_Store CVS .svn .git .hg *.pbproj *.pbxproj OrangeIRC";
				FRAMEWORK_SEARCH_PATHS = (
					"$(inherited)",
					"$(PROJECT_DIR)/Carthage/Build/iOS",
				);
				GCC_C_LANGUAGE_STANDARD = gnu99;
				GCC_DYNAMIC_NO_PIC = NO;
				GCC_NO_COMMON_BLOCKS = YES;
				GCC_OPTIMIZATION_LEVEL = 0;
				GCC_PREPROCESSOR_DEFINITIONS = (
					"DEBUG=1",
					"$(inherited)",
				);
				GCC_WARN_64_TO_32_BIT_CONVERSION = YES;
				GCC_WARN_ABOUT_RETURN_TYPE = YES_ERROR;
				GCC_WARN_UNDECLARED_SELECTOR = YES;
				GCC_WARN_UNINITIALIZED_AUTOS = YES_AGGRESSIVE;
				GCC_WARN_UNUSED_FUNCTION = YES;
				GCC_WARN_UNUSED_VARIABLE = YES;
				INFOPLIST_FILE = "$(SRCROOT)/OrangeIRC Core/Info.plist";
				INSTALL_PATH = "$(LOCAL_LIBRARY_DIR)/Frameworks";
				IPHONEOS_DEPLOYMENT_TARGET = 9.3;
				LD_RUNPATH_SEARCH_PATHS = "$(inherited) @executable_path/Frameworks @loader_path/Frameworks";
				MTL_ENABLE_DEBUG_INFO = YES;
				ONLY_ACTIVE_ARCH = YES;
				PRODUCT_BUNDLE_IDENTIFIER = io.github.ahyattdev.OrangeIRCCore;
				PRODUCT_NAME = OrangeIRCCore;
				SDKROOT = iphoneos;
				SKIP_INSTALL = YES;
				SWIFT_ACTIVE_COMPILATION_CONDITIONS = DEBUG;
				SWIFT_OPTIMIZATION_LEVEL = "-Onone";
				SWIFT_VERSION = 3.0;
				TARGETED_DEVICE_FAMILY = "1,2";
				VERSIONING_SYSTEM = "apple-generic";
				VERSION_INFO_PREFIX = "";
			};
			name = Debug;
		};
		66EDD2EB1D29621D0013E7CC /* Release */ = {
			isa = XCBuildConfiguration;
			baseConfigurationReference = 4AACF7B34E8B48BD6D359E8E /* Pods-OrangeIRC Core (iOS).release.xcconfig */;
			buildSettings = {
				ALWAYS_SEARCH_USER_PATHS = NO;
				CLANG_ANALYZER_NONNULL = YES;
				CLANG_CXX_LANGUAGE_STANDARD = "gnu++0x";
				CLANG_CXX_LIBRARY = "libc++";
				CLANG_ENABLE_MODULES = YES;
				CLANG_ENABLE_OBJC_ARC = YES;
				CLANG_WARN_BOOL_CONVERSION = YES;
				CLANG_WARN_CONSTANT_CONVERSION = YES;
				CLANG_WARN_DIRECT_OBJC_ISA_USAGE = YES_ERROR;
				CLANG_WARN_DOCUMENTATION_COMMENTS = YES;
				CLANG_WARN_EMPTY_BODY = YES;
				CLANG_WARN_ENUM_CONVERSION = YES;
				CLANG_WARN_INT_CONVERSION = YES;
				CLANG_WARN_OBJC_ROOT_CLASS = YES_ERROR;
				CLANG_WARN_UNREACHABLE_CODE = YES;
				CLANG_WARN__DUPLICATE_METHOD_MATCH = YES;
				"CODE_SIGN_IDENTITY[sdk=iphoneos*]" = "";
				COPY_PHASE_STRIP = NO;
				CURRENT_PROJECT_VERSION = 1;
				DEBUG_INFORMATION_FORMAT = "dwarf-with-dsym";
				DEFINES_MODULE = YES;
				DYLIB_COMPATIBILITY_VERSION = 1;
				DYLIB_CURRENT_VERSION = 1;
				DYLIB_INSTALL_NAME_BASE = "@rpath";
				ENABLE_NS_ASSERTIONS = NO;
				ENABLE_STRICT_OBJC_MSGSEND = YES;
				EXCLUDED_RECURSIVE_SEARCH_PATH_SUBDIRECTORIES = "*.nib *.lproj *.framework *.gch *.xcode* *.xcassets (*) .DS_Store CVS .svn .git .hg *.pbproj *.pbxproj OrangeIRC";
				FRAMEWORK_SEARCH_PATHS = (
					"$(inherited)",
					"$(PROJECT_DIR)/Carthage/Build/iOS",
				);
				GCC_C_LANGUAGE_STANDARD = gnu99;
				GCC_NO_COMMON_BLOCKS = YES;
				GCC_WARN_64_TO_32_BIT_CONVERSION = YES;
				GCC_WARN_ABOUT_RETURN_TYPE = YES_ERROR;
				GCC_WARN_UNDECLARED_SELECTOR = YES;
				GCC_WARN_UNINITIALIZED_AUTOS = YES_AGGRESSIVE;
				GCC_WARN_UNUSED_FUNCTION = YES;
				GCC_WARN_UNUSED_VARIABLE = YES;
				INFOPLIST_FILE = "$(SRCROOT)/OrangeIRC Core/Info.plist";
				INSTALL_PATH = "$(LOCAL_LIBRARY_DIR)/Frameworks";
				IPHONEOS_DEPLOYMENT_TARGET = 9.3;
				LD_RUNPATH_SEARCH_PATHS = "$(inherited) @executable_path/Frameworks @loader_path/Frameworks";
				MTL_ENABLE_DEBUG_INFO = NO;
				PRODUCT_BUNDLE_IDENTIFIER = io.github.ahyattdev.OrangeIRCCore;
				PRODUCT_NAME = OrangeIRCCore;
				SDKROOT = iphoneos;
				SKIP_INSTALL = YES;
				SWIFT_OPTIMIZATION_LEVEL = "-Owholemodule";
				SWIFT_VERSION = 3.0;
				TARGETED_DEVICE_FAMILY = "1,2";
				VALIDATE_PRODUCT = YES;
				VERSIONING_SYSTEM = "apple-generic";
				VERSION_INFO_PREFIX = "";
			};
			name = Release;
		};
		6A212F8B1E104C7C006739B4 /* Debug */ = {
			isa = XCBuildConfiguration;
			buildSettings = {
				ALWAYS_SEARCH_USER_PATHS = NO;
				CLANG_ANALYZER_NONNULL = YES;
				CLANG_CXX_LANGUAGE_STANDARD = "gnu++0x";
				CLANG_CXX_LIBRARY = "libc++";
				CLANG_ENABLE_MODULES = YES;
				CLANG_ENABLE_OBJC_ARC = YES;
				CLANG_WARN_DIRECT_OBJC_ISA_USAGE = YES_ERROR;
				CLANG_WARN_DOCUMENTATION_COMMENTS = YES;
				CLANG_WARN_OBJC_ROOT_CLASS = YES_ERROR;
				"CODE_SIGN_IDENTITY[sdk=iphoneos*]" = "iPhone Developer";
				COPY_PHASE_STRIP = NO;
				DEBUG_INFORMATION_FORMAT = dwarf;
				DEVELOPMENT_TEAM = TGZ526AV87;
				FRAMEWORK_SEARCH_PATHS = (
					"$(inherited)",
					"$(PROJECT_DIR)/Carthage/Build/iOS",
				);
				GCC_C_LANGUAGE_STANDARD = gnu99;
				GCC_DYNAMIC_NO_PIC = NO;
				GCC_OPTIMIZATION_LEVEL = 0;
				GCC_PREPROCESSOR_DEFINITIONS = (
					"DEBUG=1",
					"$(inherited)",
				);
				GCC_WARN_ABOUT_RETURN_TYPE = YES_ERROR;
				GCC_WARN_UNINITIALIZED_AUTOS = YES_AGGRESSIVE;
				INFOPLIST_FILE = "OrangeIRC Core Tests/Info.plist";
				IPHONEOS_DEPLOYMENT_TARGET = 10.2;
				LD_RUNPATH_SEARCH_PATHS = "$(inherited) @executable_path/Frameworks @loader_path/Frameworks $(PROJECT_DIR)/Carthage/Build/iOS";
				LIBRARY_SEARCH_PATHS = (
					"$(inherited)",
					"$(PROJECT_DIR)/Carthage/Build/iOS/CocoaAsyncSocket.framework",
				);
				MTL_ENABLE_DEBUG_INFO = YES;
				PRODUCT_BUNDLE_IDENTIFIER = io.github.ahyattdev.OrangeIRCCoreTests;
				PRODUCT_NAME = OrangeIRCCoreTests;
				SDKROOT = iphoneos;
				SWIFT_ACTIVE_COMPILATION_CONDITIONS = DEBUG;
				SWIFT_OPTIMIZATION_LEVEL = "-Onone";
				SWIFT_VERSION = 3.0;
			};
			name = Debug;
		};
		6A212F8C1E104C7C006739B4 /* Release */ = {
			isa = XCBuildConfiguration;
			buildSettings = {
				ALWAYS_SEARCH_USER_PATHS = NO;
				CLANG_ANALYZER_NONNULL = YES;
				CLANG_CXX_LANGUAGE_STANDARD = "gnu++0x";
				CLANG_CXX_LIBRARY = "libc++";
				CLANG_ENABLE_MODULES = YES;
				CLANG_ENABLE_OBJC_ARC = YES;
				CLANG_WARN_DIRECT_OBJC_ISA_USAGE = YES_ERROR;
				CLANG_WARN_DOCUMENTATION_COMMENTS = YES;
				CLANG_WARN_OBJC_ROOT_CLASS = YES_ERROR;
				"CODE_SIGN_IDENTITY[sdk=iphoneos*]" = "iPhone Developer";
				COPY_PHASE_STRIP = NO;
				DEBUG_INFORMATION_FORMAT = "dwarf-with-dsym";
				DEVELOPMENT_TEAM = TGZ526AV87;
				ENABLE_NS_ASSERTIONS = NO;
				FRAMEWORK_SEARCH_PATHS = (
					"$(inherited)",
					"$(PROJECT_DIR)/Carthage/Build/iOS",
				);
				GCC_C_LANGUAGE_STANDARD = gnu99;
				GCC_WARN_ABOUT_RETURN_TYPE = YES_ERROR;
				GCC_WARN_UNINITIALIZED_AUTOS = YES_AGGRESSIVE;
				INFOPLIST_FILE = "OrangeIRC Core Tests/Info.plist";
				IPHONEOS_DEPLOYMENT_TARGET = 10.2;
				LD_RUNPATH_SEARCH_PATHS = "$(inherited) @executable_path/Frameworks @loader_path/Frameworks $(PROJECT_DIR)/Carthage/Build/iOS";
				LIBRARY_SEARCH_PATHS = (
					"$(inherited)",
					"$(PROJECT_DIR)/Carthage/Build/iOS/CocoaAsyncSocket.framework",
				);
				MTL_ENABLE_DEBUG_INFO = NO;
				PRODUCT_BUNDLE_IDENTIFIER = io.github.ahyattdev.OrangeIRCCoreTests;
				PRODUCT_NAME = OrangeIRCCoreTests;
				SDKROOT = iphoneos;
				SWIFT_OPTIMIZATION_LEVEL = "-Owholemodule";
				SWIFT_VERSION = 3.0;
				VALIDATE_PRODUCT = YES;
			};
			name = Release;
		};
		6A2672811E1055750087B331 /* Debug */ = {
			isa = XCBuildConfiguration;
			buildSettings = {
				ALWAYS_SEARCH_USER_PATHS = NO;
				CLANG_ANALYZER_NONNULL = YES;
				CLANG_CXX_LANGUAGE_STANDARD = "gnu++0x";
				CLANG_CXX_LIBRARY = "libc++";
				CLANG_ENABLE_MODULES = YES;
				CLANG_ENABLE_OBJC_ARC = YES;
				CLANG_WARN_DIRECT_OBJC_ISA_USAGE = YES_ERROR;
				CLANG_WARN_DOCUMENTATION_COMMENTS = YES;
				CLANG_WARN_OBJC_ROOT_CLASS = YES_ERROR;
				CODE_SIGN_IDENTITY = "Mac Developer";
				COMBINE_HIDPI_IMAGES = YES;
				COPY_PHASE_STRIP = NO;
				DEBUG_INFORMATION_FORMAT = dwarf;
				DEVELOPMENT_TEAM = TGZ526AV87;
				FRAMEWORK_SEARCH_PATHS = (
					"$(inherited)",
					"$(PROJECT_DIR)/Carthage/Build/Mac",
				);
				GCC_C_LANGUAGE_STANDARD = gnu99;
				GCC_DYNAMIC_NO_PIC = NO;
				GCC_OPTIMIZATION_LEVEL = 0;
				GCC_PREPROCESSOR_DEFINITIONS = (
					"DEBUG=1",
					"$(inherited)",
				);
				GCC_WARN_ABOUT_RETURN_TYPE = YES_ERROR;
				GCC_WARN_UNINITIALIZED_AUTOS = YES_AGGRESSIVE;
				INFOPLIST_FILE = "OrangeIRC Core Tests/Info.plist";
				LD_RUNPATH_SEARCH_PATHS = "$(inherited) @executable_path/../Frameworks @loader_path/../Frameworks $(PROJECT_DIR)/Carthage/Build/Mac";
				MACOSX_DEPLOYMENT_TARGET = 10.12;
				MTL_ENABLE_DEBUG_INFO = YES;
				PRODUCT_BUNDLE_IDENTIFIER = io.github.ahyattdev.OrangeIRCCoreTests;
				PRODUCT_NAME = OrangeIRCCoreTests;
				SDKROOT = macosx;
				SWIFT_ACTIVE_COMPILATION_CONDITIONS = DEBUG;
				SWIFT_OPTIMIZATION_LEVEL = "-Onone";
				SWIFT_VERSION = 3.0;
			};
			name = Debug;
		};
		6A2672821E1055750087B331 /* Release */ = {
			isa = XCBuildConfiguration;
			buildSettings = {
				ALWAYS_SEARCH_USER_PATHS = NO;
				CLANG_ANALYZER_NONNULL = YES;
				CLANG_CXX_LANGUAGE_STANDARD = "gnu++0x";
				CLANG_CXX_LIBRARY = "libc++";
				CLANG_ENABLE_MODULES = YES;
				CLANG_ENABLE_OBJC_ARC = YES;
				CLANG_WARN_DIRECT_OBJC_ISA_USAGE = YES_ERROR;
				CLANG_WARN_DOCUMENTATION_COMMENTS = YES;
				CLANG_WARN_OBJC_ROOT_CLASS = YES_ERROR;
				CODE_SIGN_IDENTITY = "Mac Developer";
				COMBINE_HIDPI_IMAGES = YES;
				COPY_PHASE_STRIP = NO;
				DEBUG_INFORMATION_FORMAT = "dwarf-with-dsym";
				DEVELOPMENT_TEAM = TGZ526AV87;
				ENABLE_NS_ASSERTIONS = NO;
				FRAMEWORK_SEARCH_PATHS = (
					"$(inherited)",
					"$(PROJECT_DIR)/Carthage/Build/Mac",
				);
				GCC_C_LANGUAGE_STANDARD = gnu99;
				GCC_WARN_ABOUT_RETURN_TYPE = YES_ERROR;
				GCC_WARN_UNINITIALIZED_AUTOS = YES_AGGRESSIVE;
				INFOPLIST_FILE = "OrangeIRC Core Tests/Info.plist";
				LD_RUNPATH_SEARCH_PATHS = "$(inherited) @executable_path/../Frameworks @loader_path/../Frameworks $(PROJECT_DIR)/Carthage/Build/Mac";
				MACOSX_DEPLOYMENT_TARGET = 10.12;
				MTL_ENABLE_DEBUG_INFO = NO;
				PRODUCT_BUNDLE_IDENTIFIER = io.github.ahyattdev.OrangeIRCCoreTests;
				PRODUCT_NAME = OrangeIRCCoreTests;
				SDKROOT = macosx;
				SWIFT_OPTIMIZATION_LEVEL = "-Owholemodule";
				SWIFT_VERSION = 3.0;
			};
			name = Release;
		};
		6A2672A01E105C230087B331 /* Debug */ = {
			isa = XCBuildConfiguration;
			baseConfigurationReference = DDDF67E25A4726C01ABD778A /* Pods-OrangeIRC Core (tvOS).debug.xcconfig */;
			buildSettings = {
				ALWAYS_SEARCH_USER_PATHS = NO;
				CLANG_ANALYZER_NONNULL = YES;
				CLANG_CXX_LANGUAGE_STANDARD = "gnu++0x";
				CLANG_CXX_LIBRARY = "libc++";
				CLANG_ENABLE_MODULES = YES;
				CLANG_ENABLE_OBJC_ARC = YES;
				CLANG_WARN_DIRECT_OBJC_ISA_USAGE = YES_ERROR;
				CLANG_WARN_DOCUMENTATION_COMMENTS = YES;
				CLANG_WARN_OBJC_ROOT_CLASS = YES_ERROR;
				CODE_SIGN_IDENTITY = "";
				COPY_PHASE_STRIP = NO;
				CURRENT_PROJECT_VERSION = 1;
				DEBUG_INFORMATION_FORMAT = dwarf;
				DEFINES_MODULE = YES;
				DEVELOPMENT_TEAM = TGZ526AV87;
				DYLIB_COMPATIBILITY_VERSION = 1;
				DYLIB_CURRENT_VERSION = 1;
				DYLIB_INSTALL_NAME_BASE = "@rpath";
				FRAMEWORK_SEARCH_PATHS = (
					"$(inherited)",
					"$(PROJECT_DIR)/Carthage/Build/tvOS",
				);
				GCC_C_LANGUAGE_STANDARD = gnu99;
				GCC_DYNAMIC_NO_PIC = NO;
				GCC_OPTIMIZATION_LEVEL = 0;
				GCC_PREPROCESSOR_DEFINITIONS = (
					"DEBUG=1",
					"$(inherited)",
				);
				GCC_WARN_ABOUT_RETURN_TYPE = YES_ERROR;
				GCC_WARN_UNINITIALIZED_AUTOS = YES_AGGRESSIVE;
				INFOPLIST_FILE = "OrangeIRC Core/Info.plist";
				INSTALL_PATH = "$(LOCAL_LIBRARY_DIR)/Frameworks";
				LD_RUNPATH_SEARCH_PATHS = "$(inherited) @executable_path/Frameworks @loader_path/Frameworks";
				MTL_ENABLE_DEBUG_INFO = YES;
				PRODUCT_BUNDLE_IDENTIFIER = io.github.ahyattdev.OrangeIRCCore;
				PRODUCT_NAME = OrangeIRCCore;
				SDKROOT = appletvos;
				SKIP_INSTALL = YES;
				SWIFT_ACTIVE_COMPILATION_CONDITIONS = DEBUG;
				SWIFT_OPTIMIZATION_LEVEL = "-Onone";
				SWIFT_VERSION = 3.0;
				TARGETED_DEVICE_FAMILY = 3;
				VERSIONING_SYSTEM = "apple-generic";
				VERSION_INFO_PREFIX = "";
			};
			name = Debug;
		};
		6A2672A11E105C230087B331 /* Release */ = {
			isa = XCBuildConfiguration;
			baseConfigurationReference = 17DD1E3B7DA5B96317B02BB4 /* Pods-OrangeIRC Core (tvOS).release.xcconfig */;
			buildSettings = {
				ALWAYS_SEARCH_USER_PATHS = NO;
				CLANG_ANALYZER_NONNULL = YES;
				CLANG_CXX_LANGUAGE_STANDARD = "gnu++0x";
				CLANG_CXX_LIBRARY = "libc++";
				CLANG_ENABLE_MODULES = YES;
				CLANG_ENABLE_OBJC_ARC = YES;
				CLANG_WARN_DIRECT_OBJC_ISA_USAGE = YES_ERROR;
				CLANG_WARN_DOCUMENTATION_COMMENTS = YES;
				CLANG_WARN_OBJC_ROOT_CLASS = YES_ERROR;
				CODE_SIGN_IDENTITY = "";
				COPY_PHASE_STRIP = NO;
				CURRENT_PROJECT_VERSION = 1;
				DEBUG_INFORMATION_FORMAT = "dwarf-with-dsym";
				DEFINES_MODULE = YES;
				DEVELOPMENT_TEAM = TGZ526AV87;
				DYLIB_COMPATIBILITY_VERSION = 1;
				DYLIB_CURRENT_VERSION = 1;
				DYLIB_INSTALL_NAME_BASE = "@rpath";
				ENABLE_NS_ASSERTIONS = NO;
				FRAMEWORK_SEARCH_PATHS = (
					"$(inherited)",
					"$(PROJECT_DIR)/Carthage/Build/tvOS",
				);
				GCC_C_LANGUAGE_STANDARD = gnu99;
				GCC_WARN_ABOUT_RETURN_TYPE = YES_ERROR;
				GCC_WARN_UNINITIALIZED_AUTOS = YES_AGGRESSIVE;
				INFOPLIST_FILE = "OrangeIRC Core/Info.plist";
				INSTALL_PATH = "$(LOCAL_LIBRARY_DIR)/Frameworks";
				LD_RUNPATH_SEARCH_PATHS = "$(inherited) @executable_path/Frameworks @loader_path/Frameworks";
				MTL_ENABLE_DEBUG_INFO = NO;
				PRODUCT_BUNDLE_IDENTIFIER = io.github.ahyattdev.OrangeIRCCore;
				PRODUCT_NAME = OrangeIRCCore;
				SDKROOT = appletvos;
				SKIP_INSTALL = YES;
				SWIFT_OPTIMIZATION_LEVEL = "-Owholemodule";
				SWIFT_VERSION = 3.0;
				TARGETED_DEVICE_FAMILY = 3;
				VALIDATE_PRODUCT = YES;
				VERSIONING_SYSTEM = "apple-generic";
				VERSION_INFO_PREFIX = "";
			};
			name = Release;
		};
		6A2672A31E105C230087B331 /* Debug */ = {
			isa = XCBuildConfiguration;
			buildSettings = {
				ALWAYS_EMBED_SWIFT_STANDARD_LIBRARIES = YES;
				ALWAYS_SEARCH_USER_PATHS = NO;
				CLANG_ANALYZER_NONNULL = YES;
				CLANG_CXX_LANGUAGE_STANDARD = "gnu++0x";
				CLANG_CXX_LIBRARY = "libc++";
				CLANG_ENABLE_MODULES = YES;
				CLANG_ENABLE_OBJC_ARC = YES;
				CLANG_WARN_DIRECT_OBJC_ISA_USAGE = YES_ERROR;
				CLANG_WARN_DOCUMENTATION_COMMENTS = YES;
				CLANG_WARN_OBJC_ROOT_CLASS = YES_ERROR;
				COPY_PHASE_STRIP = NO;
				DEBUG_INFORMATION_FORMAT = dwarf;
				DEVELOPMENT_TEAM = TGZ526AV87;
				FRAMEWORK_SEARCH_PATHS = (
					"$(inherited)",
					"$(PROJECT_DIR)/Carthage/Build/tvOS",
				);
				GCC_C_LANGUAGE_STANDARD = gnu99;
				GCC_DYNAMIC_NO_PIC = NO;
				GCC_OPTIMIZATION_LEVEL = 0;
				GCC_PREPROCESSOR_DEFINITIONS = (
					"DEBUG=1",
					"$(inherited)",
				);
				GCC_WARN_ABOUT_RETURN_TYPE = YES_ERROR;
				GCC_WARN_UNINITIALIZED_AUTOS = YES_AGGRESSIVE;
				INFOPLIST_FILE = "OrangeIRC Core Tests/Info.plist";
				LD_RUNPATH_SEARCH_PATHS = "$(inherited) @executable_path/Frameworks @loader_path/Frameworks $(PROJECT_DIR)/Carthage/Build/tvOS";
				MTL_ENABLE_DEBUG_INFO = YES;
				PRODUCT_BUNDLE_IDENTIFIER = io.github.ahyattdev.OrangeIRCCoreTests;
				PRODUCT_NAME = OrangeIRCCoreTests;
				SDKROOT = appletvos;
				SWIFT_ACTIVE_COMPILATION_CONDITIONS = DEBUG;
				SWIFT_OPTIMIZATION_LEVEL = "-Onone";
				SWIFT_VERSION = 3.0;
				TVOS_DEPLOYMENT_TARGET = 10.1;
			};
			name = Debug;
		};
		6A2672A41E105C230087B331 /* Release */ = {
			isa = XCBuildConfiguration;
			buildSettings = {
				ALWAYS_EMBED_SWIFT_STANDARD_LIBRARIES = YES;
				ALWAYS_SEARCH_USER_PATHS = NO;
				CLANG_ANALYZER_NONNULL = YES;
				CLANG_CXX_LANGUAGE_STANDARD = "gnu++0x";
				CLANG_CXX_LIBRARY = "libc++";
				CLANG_ENABLE_MODULES = YES;
				CLANG_ENABLE_OBJC_ARC = YES;
				CLANG_WARN_DIRECT_OBJC_ISA_USAGE = YES_ERROR;
				CLANG_WARN_DOCUMENTATION_COMMENTS = YES;
				CLANG_WARN_OBJC_ROOT_CLASS = YES_ERROR;
				COPY_PHASE_STRIP = NO;
				DEBUG_INFORMATION_FORMAT = "dwarf-with-dsym";
				DEVELOPMENT_TEAM = TGZ526AV87;
				ENABLE_NS_ASSERTIONS = NO;
				FRAMEWORK_SEARCH_PATHS = (
					"$(inherited)",
					"$(PROJECT_DIR)/Carthage/Build/tvOS",
				);
				GCC_C_LANGUAGE_STANDARD = gnu99;
				GCC_WARN_ABOUT_RETURN_TYPE = YES_ERROR;
				GCC_WARN_UNINITIALIZED_AUTOS = YES_AGGRESSIVE;
				INFOPLIST_FILE = "OrangeIRC Core Tests/Info.plist";
				LD_RUNPATH_SEARCH_PATHS = "$(inherited) @executable_path/Frameworks @loader_path/Frameworks $(PROJECT_DIR)/Carthage/Build/tvOS";
				MTL_ENABLE_DEBUG_INFO = NO;
				PRODUCT_BUNDLE_IDENTIFIER = io.github.ahyattdev.OrangeIRCCoreTests;
				PRODUCT_NAME = OrangeIRCCoreTests;
				SDKROOT = appletvos;
				SWIFT_OPTIMIZATION_LEVEL = "-Owholemodule";
				SWIFT_VERSION = 3.0;
				TVOS_DEPLOYMENT_TARGET = 10.1;
				VALIDATE_PRODUCT = YES;
			};
			name = Release;
		};
/* End XCBuildConfiguration section */

/* Begin XCConfigurationList section */
		66A75AF41D234628001161A3 /* Build configuration list for PBXProject "OrangeIRC" */ = {
			isa = XCConfigurationList;
			buildConfigurations = (
				66A75AF51D234628001161A3 /* Debug */,
				66A75AF61D234628001161A3 /* Release */,
			);
			defaultConfigurationIsVisible = 0;
			defaultConfigurationName = Release;
		};
		66A75B2A1D234737001161A3 /* Build configuration list for PBXNativeTarget "OrangeIRC Core (macOS)" */ = {
			isa = XCConfigurationList;
			buildConfigurations = (
				66A75B2B1D234737001161A3 /* Debug */,
				66A75B2C1D234737001161A3 /* Release */,
			);
			defaultConfigurationIsVisible = 0;
			defaultConfigurationName = Release;
		};
		66EDD2EC1D29621D0013E7CC /* Build configuration list for PBXNativeTarget "OrangeIRC Core (iOS)" */ = {
			isa = XCConfigurationList;
			buildConfigurations = (
				66EDD2EA1D29621D0013E7CC /* Debug */,
				66EDD2EB1D29621D0013E7CC /* Release */,
			);
			defaultConfigurationIsVisible = 0;
			defaultConfigurationName = Release;
		};
		6A212F8D1E104C7C006739B4 /* Build configuration list for PBXNativeTarget "OrangeIRC Core Tests (iOS)" */ = {
			isa = XCConfigurationList;
			buildConfigurations = (
				6A212F8B1E104C7C006739B4 /* Debug */,
				6A212F8C1E104C7C006739B4 /* Release */,
			);
			defaultConfigurationIsVisible = 0;
			defaultConfigurationName = Release;
		};
		6A2672801E1055750087B331 /* Build configuration list for PBXNativeTarget "OrangeIRC Core Tests (macOS)" */ = {
			isa = XCConfigurationList;
			buildConfigurations = (
				6A2672811E1055750087B331 /* Debug */,
				6A2672821E1055750087B331 /* Release */,
			);
			defaultConfigurationIsVisible = 0;
			defaultConfigurationName = Release;
		};
		6A26729F1E105C230087B331 /* Build configuration list for PBXNativeTarget "OrangeIRC Core (tvOS)" */ = {
			isa = XCConfigurationList;
			buildConfigurations = (
				6A2672A01E105C230087B331 /* Debug */,
				6A2672A11E105C230087B331 /* Release */,
			);
			defaultConfigurationIsVisible = 0;
			defaultConfigurationName = Release;
		};
		6A2672A21E105C230087B331 /* Build configuration list for PBXNativeTarget "OrangeIRC Core Tests (tvOS)" */ = {
			isa = XCConfigurationList;
			buildConfigurations = (
				6A2672A31E105C230087B331 /* Debug */,
				6A2672A41E105C230087B331 /* Release */,
			);
			defaultConfigurationIsVisible = 0;
			defaultConfigurationName = Release;
		};
/* End XCConfigurationList section */
	};
	rootObject = 66A75AF11D234628001161A3 /* Project object */;
}
